// !$*UTF8*$!
{
	archiveVersion = 1;
	classes = {
	};
	objectVersion = 51;
	objects = {

/* Begin PBXBuildFile section */
		2402E24A2311280A002EC1C2 /* ContainerRivalInfoViewController.swift in Sources */ = {isa = PBXBuildFile; fileRef = 2402E2492311280A002EC1C2 /* ContainerRivalInfoViewController.swift */; };
		2403DEE322F4332D00EA0604 /* ShopTableViewCell.swift in Sources */ = {isa = PBXBuildFile; fileRef = 2403DEE222F4332D00EA0604 /* ShopTableViewCell.swift */; };
		240F1D08231424D400494CCB /* AutoUpdatePriceHistoryTableViewController.swift in Sources */ = {isa = PBXBuildFile; fileRef = 240F1D07231424D400494CCB /* AutoUpdatePriceHistoryTableViewController.swift */; };
		24120F3B22E04D99000FA0B7 /* ListShopsTableViewController.swift in Sources */ = {isa = PBXBuildFile; fileRef = 24120F3A22E04D99000FA0B7 /* ListShopsTableViewController.swift */; };
		24120F3D22E05F41000FA0B7 /* Shop.swift in Sources */ = {isa = PBXBuildFile; fileRef = 24120F3C22E05F41000FA0B7 /* Shop.swift */; };
		24120F4022E074B6000FA0B7 /* UITextField+Extension.swift in Sources */ = {isa = PBXBuildFile; fileRef = 24120F3F22E074B6000FA0B7 /* UITextField+Extension.swift */; };
		2414701422DAF58C000FB6D5 /* RegisterViewController.swift in Sources */ = {isa = PBXBuildFile; fileRef = 2414701322DAF58C000FB6D5 /* RegisterViewController.swift */; };
		2416494622E1768900B80DBC /* ProductsTableViewController.swift in Sources */ = {isa = PBXBuildFile; fileRef = 2416494522E1768900B80DBC /* ProductsTableViewController.swift */; };
		2416494822E1770E00B80DBC /* Product.swift in Sources */ = {isa = PBXBuildFile; fileRef = 2416494722E1770E00B80DBC /* Product.swift */; };
		2416494A22E19F5600B80DBC /* Animator.swift in Sources */ = {isa = PBXBuildFile; fileRef = 2416494922E19F5600B80DBC /* Animator.swift */; };
		241BC1452303B0140097AB59 /* ChosenProductsTableViewController.swift in Sources */ = {isa = PBXBuildFile; fileRef = 241BC1442303B0140097AB59 /* ChosenProductsTableViewController.swift */; };
		241BC1472303E3A00097AB59 /* ChosenProductTableViewCell.swift in Sources */ = {isa = PBXBuildFile; fileRef = 241BC1462303E3A00097AB59 /* ChosenProductTableViewCell.swift */; };
		241BC1492303F0100097AB59 /* AutoChangePriceTableViewController.swift in Sources */ = {isa = PBXBuildFile; fileRef = 241BC1482303F0100097AB59 /* AutoChangePriceTableViewController.swift */; };
		241C1E0622F8830600D30457 /* ProductDetailTableViewController.swift in Sources */ = {isa = PBXBuildFile; fileRef = 241C1E0522F8830600D30457 /* ProductDetailTableViewController.swift */; };
		241D5A7322E57A8C00CBA60C /* Account.swift in Sources */ = {isa = PBXBuildFile; fileRef = 241D5A7222E57A8C00CBA60C /* Account.swift */; };
		2421730922FD5EFE00541024 /* ListRivalsTableViewController.swift in Sources */ = {isa = PBXBuildFile; fileRef = 2421730822FD5EFE00541024 /* ListRivalsTableViewController.swift */; };
		2421730B22FD602800541024 /* RivalTableCell.swift in Sources */ = {isa = PBXBuildFile; fileRef = 2421730A22FD602800541024 /* RivalTableCell.swift */; };
		2422105B230E910800E8FBCC /* ChosenRivalsTableViewController.swift in Sources */ = {isa = PBXBuildFile; fileRef = 2422105A230E910800E8FBCC /* ChosenRivalsTableViewController.swift */; };
		2422105D230E91DA00E8FBCC /* ChosenRivalCell.swift in Sources */ = {isa = PBXBuildFile; fileRef = 2422105C230E91DA00E8FBCC /* ChosenRivalCell.swift */; };
		242361D922FAA6A300EFC57A /* RivalPageViewController.swift in Sources */ = {isa = PBXBuildFile; fileRef = 242361D822FAA6A300EFC57A /* RivalPageViewController.swift */; };
		242361DC22FAB3F100EFC57A /* RivalInfoViewController.swift in Sources */ = {isa = PBXBuildFile; fileRef = 242361DB22FAB3F100EFC57A /* RivalInfoViewController.swift */; };
		242361DE22FAB43000EFC57A /* RivalProductTableViewController.swift in Sources */ = {isa = PBXBuildFile; fileRef = 242361DD22FAB43000EFC57A /* RivalProductTableViewController.swift */; };
		242361E022FAB44E00EFC57A /* RivalProductLineChartViewController.swift in Sources */ = {isa = PBXBuildFile; fileRef = 242361DF22FAB44E00EFC57A /* RivalProductLineChartViewController.swift */; };
		242C4FA522F577EE007D4903 /* UIAlertController+Extension.swift in Sources */ = {isa = PBXBuildFile; fileRef = 242C4FA422F577EE007D4903 /* UIAlertController+Extension.swift */; };
		242F519122FE811D00A0E980 /* ContainerViewController.swift in Sources */ = {isa = PBXBuildFile; fileRef = 242F519022FE811D00A0E980 /* ContainerViewController.swift */; };
		2431282A230995EC00A02BED /* Onboarding.swift in Sources */ = {isa = PBXBuildFile; fileRef = 24312829230995EC00A02BED /* Onboarding.swift */; };
		2433DB6B22F6C48A00AB0498 /* UILabel+Extension.swift in Sources */ = {isa = PBXBuildFile; fileRef = 2433DB6A22F6C48A00AB0498 /* UILabel+Extension.swift */; };
		2436165922EA0565006C7C66 /* AccoutDetailTableViewController.swift in Sources */ = {isa = PBXBuildFile; fileRef = 2436165822EA0565006C7C66 /* AccoutDetailTableViewController.swift */; };
		2459135C22E2EF4D00D51A4B /* UIButton+Extension.swift in Sources */ = {isa = PBXBuildFile; fileRef = 2459135B22E2EF4D00D51A4B /* UIButton+Extension.swift */; };
		2459135E22E2EF5B00D51A4B /* UITableView+Extension.swift in Sources */ = {isa = PBXBuildFile; fileRef = 2459135D22E2EF5B00D51A4B /* UITableView+Extension.swift */; };
		2459136022E2EF6600D51A4B /* UIView+Extension.swift in Sources */ = {isa = PBXBuildFile; fileRef = 2459135F22E2EF6600D51A4B /* UIView+Extension.swift */; };
		2459136222E2F01600D51A4B /* ViewController+Extension.swift in Sources */ = {isa = PBXBuildFile; fileRef = 2459136122E2F01600D51A4B /* ViewController+Extension.swift */; };
		2459136422E2F0FF00D51A4B /* UIViewController+Extension.swift in Sources */ = {isa = PBXBuildFile; fileRef = 2459136322E2F0FF00D51A4B /* UIViewController+Extension.swift */; };
		24631A6F2314D04D00295264 /* AutoUpdateHistoryCell.swift in Sources */ = {isa = PBXBuildFile; fileRef = 24631A6E2314D04D00295264 /* AutoUpdateHistoryCell.swift */; };
		2469B6F32307CD1400C77F3A /* OnboardingViewController.swift in Sources */ = {isa = PBXBuildFile; fileRef = 2469B6F22307CD1400C77F3A /* OnboardingViewController.swift */; };
		2469B6F72307E0B700C77F3A /* NavigationBar+Extension.swift in Sources */ = {isa = PBXBuildFile; fileRef = 2469B6F62307E0B700C77F3A /* NavigationBar+Extension.swift */; };
		2478557723086A2100EBA0E3 /* ProductNavigationViewController.swift in Sources */ = {isa = PBXBuildFile; fileRef = 2478557623086A2100EBA0E3 /* ProductNavigationViewController.swift */; };
		2478C65222DD8DAC00DA6D8E /* OverviewViewController.swift in Sources */ = {isa = PBXBuildFile; fileRef = 2478C65122DD8DAC00DA6D8E /* OverviewViewController.swift */; };
		2478C65722DDD50D00DA6D8E /* User.swift in Sources */ = {isa = PBXBuildFile; fileRef = 2478C65622DDD50D00DA6D8E /* User.swift */; };
		2484174922D85D800009DF10 /* AppDelegate.swift in Sources */ = {isa = PBXBuildFile; fileRef = 2484174822D85D800009DF10 /* AppDelegate.swift */; };
		2484174B22D85D800009DF10 /* ViewController.swift in Sources */ = {isa = PBXBuildFile; fileRef = 2484174A22D85D800009DF10 /* ViewController.swift */; };
		2484174E22D85D800009DF10 /* Main.storyboard in Resources */ = {isa = PBXBuildFile; fileRef = 2484174C22D85D800009DF10 /* Main.storyboard */; };
		2484175022D85D810009DF10 /* Assets.xcassets in Resources */ = {isa = PBXBuildFile; fileRef = 2484174F22D85D810009DF10 /* Assets.xcassets */; };
		2484175322D85D810009DF10 /* LaunchScreen.storyboard in Resources */ = {isa = PBXBuildFile; fileRef = 2484175122D85D810009DF10 /* LaunchScreen.storyboard */; };
		2484175E22D85D810009DF10 /* Shopee_Prices_AnalysticTests.swift in Sources */ = {isa = PBXBuildFile; fileRef = 2484175D22D85D810009DF10 /* Shopee_Prices_AnalysticTests.swift */; };
		24C48E1822E5F88300244EF4 /* AccountTableViewController.swift in Sources */ = {isa = PBXBuildFile; fileRef = 24C48E1722E5F88300244EF4 /* AccountTableViewController.swift */; };
		24DF4B542313E16400B4688E /* StatisticPriceTableViewController.swift in Sources */ = {isa = PBXBuildFile; fileRef = 24DF4B532313E16400B4688E /* StatisticPriceTableViewController.swift */; };
		24E56166230D2DB500914506 /* Int+Extension.swift in Sources */ = {isa = PBXBuildFile; fileRef = 24E56165230D2DB500914506 /* Int+Extension.swift */; };
		24EAE55422DEF83900EB53F2 /* TransparentTabBar.swift in Sources */ = {isa = PBXBuildFile; fileRef = 24EAE55322DEF83900EB53F2 /* TransparentTabBar.swift */; };
		24EDDD6122D960C400D62704 /* TransitionButton.framework in Frameworks */ = {isa = PBXBuildFile; fileRef = 24EDDD6022D960C400D62704 /* TransitionButton.framework */; };
		24F661D522DC26C100440A7A /* TabsViewController.swift in Sources */ = {isa = PBXBuildFile; fileRef = 24F661D422DC26C100440A7A /* TabsViewController.swift */; };
		24F842EB230B95360050C2A0 /* OnboardingLoginViewController.swift in Sources */ = {isa = PBXBuildFile; fileRef = 24F842EA230B95360050C2A0 /* OnboardingLoginViewController.swift */; };
		24FFE31523153AE500643FD3 /* ChosenProductRivalCellDelegate.swift in Sources */ = {isa = PBXBuildFile; fileRef = 24FFE31423153AE500643FD3 /* ChosenProductRivalCellDelegate.swift */; };
		5E7DC6F104CE5C85E7254BCE /* Pods_Shopee_Prices_Analystic.framework in Frameworks */ = {isa = PBXBuildFile; fileRef = CBC57FE154A893EB41D1B67D /* Pods_Shopee_Prices_Analystic.framework */; };
		BC0FB3A322F7C02C00968E68 /* Network.swift in Sources */ = {isa = PBXBuildFile; fileRef = BC0FB3A222F7C02C00968E68 /* Network.swift */; };
		BC15D3012313B1A6008D3456 /* Observation.swift in Sources */ = {isa = PBXBuildFile; fileRef = BC15D3002313B1A6008D3456 /* Observation.swift */; };
		BC336A4E2316405D0091F44F /* AACharts.swift in Sources */ = {isa = PBXBuildFile; fileRef = BC336A4D2316405D0091F44F /* AACharts.swift */; };
		BC5E9B8F22F8311B00F729E6 /* ShopeeAuthViewController.swift in Sources */ = {isa = PBXBuildFile; fileRef = BC5E9B8E22F8311B00F729E6 /* ShopeeAuthViewController.swift */; };
		BC8D7D0422E6FBA800D224EC /* ProductTableViewCell.swift in Sources */ = {isa = PBXBuildFile; fileRef = BC8D7D0322E6FBA800D224EC /* ProductTableViewCell.swift */; };
		BCD4456A23168636003D93A4 /* ChartViewController.swift in Sources */ = {isa = PBXBuildFile; fileRef = BCD4456923168636003D93A4 /* ChartViewController.swift */; };
		BCD4456C23168B83003D93A4 /* ColumnChartViewController.swift in Sources */ = {isa = PBXBuildFile; fileRef = BCD4456B23168B83003D93A4 /* ColumnChartViewController.swift */; };
		BCD4456E23168B90003D93A4 /* PieChartViewController.swift in Sources */ = {isa = PBXBuildFile; fileRef = BCD4456D23168B90003D93A4 /* PieChartViewController.swift */; };
		E93805F1D912FEDBBDDFF1C7 /* Pods_Shopee_Prices_AnalysticTests.framework in Frameworks */ = {isa = PBXBuildFile; fileRef = 1E4D3A5C32063A608589D690 /* Pods_Shopee_Prices_AnalysticTests.framework */; };
/* End PBXBuildFile section */

/* Begin PBXContainerItemProxy section */
		2484175A22D85D810009DF10 /* PBXContainerItemProxy */ = {
			isa = PBXContainerItemProxy;
			containerPortal = 2484173D22D85D800009DF10 /* Project object */;
			proxyType = 1;
			remoteGlobalIDString = 2484174422D85D800009DF10;
			remoteInfo = "Shopee Prices Analystic";
		};
/* End PBXContainerItemProxy section */

/* Begin PBXCopyFilesBuildPhase section */
		24EDDD6322D960C500D62704 /* Embed Frameworks */ = {
			isa = PBXCopyFilesBuildPhase;
			buildActionMask = 2147483647;
			dstPath = "";
			dstSubfolderSpec = 10;
			files = (
			);
			name = "Embed Frameworks";
			runOnlyForDeploymentPostprocessing = 0;
		};
/* End PBXCopyFilesBuildPhase section */

/* Begin PBXFileReference section */
		1E4D3A5C32063A608589D690 /* Pods_Shopee_Prices_AnalysticTests.framework */ = {isa = PBXFileReference; explicitFileType = wrapper.framework; includeInIndex = 0; path = Pods_Shopee_Prices_AnalysticTests.framework; sourceTree = BUILT_PRODUCTS_DIR; };
		2402E2492311280A002EC1C2 /* ContainerRivalInfoViewController.swift */ = {isa = PBXFileReference; lastKnownFileType = sourcecode.swift; path = ContainerRivalInfoViewController.swift; sourceTree = "<group>"; };
		2403DEE222F4332D00EA0604 /* ShopTableViewCell.swift */ = {isa = PBXFileReference; lastKnownFileType = sourcecode.swift; path = ShopTableViewCell.swift; sourceTree = "<group>"; };
		240F1D07231424D400494CCB /* AutoUpdatePriceHistoryTableViewController.swift */ = {isa = PBXFileReference; lastKnownFileType = sourcecode.swift; path = AutoUpdatePriceHistoryTableViewController.swift; sourceTree = "<group>"; };
		24120F3A22E04D99000FA0B7 /* ListShopsTableViewController.swift */ = {isa = PBXFileReference; lastKnownFileType = sourcecode.swift; path = ListShopsTableViewController.swift; sourceTree = "<group>"; };
		24120F3C22E05F41000FA0B7 /* Shop.swift */ = {isa = PBXFileReference; lastKnownFileType = sourcecode.swift; path = Shop.swift; sourceTree = "<group>"; };
		24120F3F22E074B6000FA0B7 /* UITextField+Extension.swift */ = {isa = PBXFileReference; lastKnownFileType = sourcecode.swift; path = "UITextField+Extension.swift"; sourceTree = "<group>"; };
		2414701322DAF58C000FB6D5 /* RegisterViewController.swift */ = {isa = PBXFileReference; lastKnownFileType = sourcecode.swift; path = RegisterViewController.swift; sourceTree = "<group>"; };
		2416494522E1768900B80DBC /* ProductsTableViewController.swift */ = {isa = PBXFileReference; lastKnownFileType = sourcecode.swift; path = ProductsTableViewController.swift; sourceTree = "<group>"; };
		2416494722E1770E00B80DBC /* Product.swift */ = {isa = PBXFileReference; lastKnownFileType = sourcecode.swift; path = Product.swift; sourceTree = "<group>"; };
		2416494922E19F5600B80DBC /* Animator.swift */ = {isa = PBXFileReference; lastKnownFileType = sourcecode.swift; path = Animator.swift; sourceTree = "<group>"; };
		241BC1442303B0140097AB59 /* ChosenProductsTableViewController.swift */ = {isa = PBXFileReference; lastKnownFileType = sourcecode.swift; path = ChosenProductsTableViewController.swift; sourceTree = "<group>"; };
		241BC1462303E3A00097AB59 /* ChosenProductTableViewCell.swift */ = {isa = PBXFileReference; lastKnownFileType = sourcecode.swift; path = ChosenProductTableViewCell.swift; sourceTree = "<group>"; };
		241BC1482303F0100097AB59 /* AutoChangePriceTableViewController.swift */ = {isa = PBXFileReference; lastKnownFileType = sourcecode.swift; path = AutoChangePriceTableViewController.swift; sourceTree = "<group>"; };
		241C1E0522F8830600D30457 /* ProductDetailTableViewController.swift */ = {isa = PBXFileReference; lastKnownFileType = sourcecode.swift; path = ProductDetailTableViewController.swift; sourceTree = "<group>"; };
		241D5A7222E57A8C00CBA60C /* Account.swift */ = {isa = PBXFileReference; lastKnownFileType = sourcecode.swift; path = Account.swift; sourceTree = "<group>"; };
		2421730822FD5EFE00541024 /* ListRivalsTableViewController.swift */ = {isa = PBXFileReference; lastKnownFileType = sourcecode.swift; path = ListRivalsTableViewController.swift; sourceTree = "<group>"; };
		2421730A22FD602800541024 /* RivalTableCell.swift */ = {isa = PBXFileReference; lastKnownFileType = sourcecode.swift; path = RivalTableCell.swift; sourceTree = "<group>"; };
		2422105A230E910800E8FBCC /* ChosenRivalsTableViewController.swift */ = {isa = PBXFileReference; lastKnownFileType = sourcecode.swift; path = ChosenRivalsTableViewController.swift; sourceTree = "<group>"; };
		2422105C230E91DA00E8FBCC /* ChosenRivalCell.swift */ = {isa = PBXFileReference; lastKnownFileType = sourcecode.swift; path = ChosenRivalCell.swift; sourceTree = "<group>"; };
		242361D822FAA6A300EFC57A /* RivalPageViewController.swift */ = {isa = PBXFileReference; lastKnownFileType = sourcecode.swift; path = RivalPageViewController.swift; sourceTree = "<group>"; };
		242361DB22FAB3F100EFC57A /* RivalInfoViewController.swift */ = {isa = PBXFileReference; lastKnownFileType = sourcecode.swift; path = RivalInfoViewController.swift; sourceTree = "<group>"; };
		242361DD22FAB43000EFC57A /* RivalProductTableViewController.swift */ = {isa = PBXFileReference; lastKnownFileType = sourcecode.swift; path = RivalProductTableViewController.swift; sourceTree = "<group>"; };
		242361DF22FAB44E00EFC57A /* RivalProductLineChartViewController.swift */ = {isa = PBXFileReference; lastKnownFileType = sourcecode.swift; path = RivalProductLineChartViewController.swift; sourceTree = "<group>"; };
		242C4FA422F577EE007D4903 /* UIAlertController+Extension.swift */ = {isa = PBXFileReference; lastKnownFileType = sourcecode.swift; path = "UIAlertController+Extension.swift"; sourceTree = "<group>"; };
		242F519022FE811D00A0E980 /* ContainerViewController.swift */ = {isa = PBXFileReference; lastKnownFileType = sourcecode.swift; path = ContainerViewController.swift; sourceTree = "<group>"; };
		24312829230995EC00A02BED /* Onboarding.swift */ = {isa = PBXFileReference; lastKnownFileType = sourcecode.swift; path = Onboarding.swift; sourceTree = "<group>"; };
		2433DB6A22F6C48A00AB0498 /* UILabel+Extension.swift */ = {isa = PBXFileReference; lastKnownFileType = sourcecode.swift; path = "UILabel+Extension.swift"; sourceTree = "<group>"; };
		2436165822EA0565006C7C66 /* AccoutDetailTableViewController.swift */ = {isa = PBXFileReference; lastKnownFileType = sourcecode.swift; path = AccoutDetailTableViewController.swift; sourceTree = "<group>"; };
		2459135B22E2EF4D00D51A4B /* UIButton+Extension.swift */ = {isa = PBXFileReference; lastKnownFileType = sourcecode.swift; path = "UIButton+Extension.swift"; sourceTree = "<group>"; };
		2459135D22E2EF5B00D51A4B /* UITableView+Extension.swift */ = {isa = PBXFileReference; lastKnownFileType = sourcecode.swift; path = "UITableView+Extension.swift"; sourceTree = "<group>"; };
		2459135F22E2EF6600D51A4B /* UIView+Extension.swift */ = {isa = PBXFileReference; lastKnownFileType = sourcecode.swift; path = "UIView+Extension.swift"; sourceTree = "<group>"; };
		2459136122E2F01600D51A4B /* ViewController+Extension.swift */ = {isa = PBXFileReference; lastKnownFileType = sourcecode.swift; path = "ViewController+Extension.swift"; sourceTree = "<group>"; };
		2459136322E2F0FF00D51A4B /* UIViewController+Extension.swift */ = {isa = PBXFileReference; lastKnownFileType = sourcecode.swift; path = "UIViewController+Extension.swift"; sourceTree = "<group>"; };
		24631A6E2314D04D00295264 /* AutoUpdateHistoryCell.swift */ = {isa = PBXFileReference; lastKnownFileType = sourcecode.swift; path = AutoUpdateHistoryCell.swift; sourceTree = "<group>"; };
		2469B6F22307CD1400C77F3A /* OnboardingViewController.swift */ = {isa = PBXFileReference; lastKnownFileType = sourcecode.swift; path = OnboardingViewController.swift; sourceTree = "<group>"; };
		2469B6F62307E0B700C77F3A /* NavigationBar+Extension.swift */ = {isa = PBXFileReference; lastKnownFileType = sourcecode.swift; path = "NavigationBar+Extension.swift"; sourceTree = "<group>"; };
		2478557623086A2100EBA0E3 /* ProductNavigationViewController.swift */ = {isa = PBXFileReference; lastKnownFileType = sourcecode.swift; path = ProductNavigationViewController.swift; sourceTree = "<group>"; };
		2478C65122DD8DAC00DA6D8E /* OverviewViewController.swift */ = {isa = PBXFileReference; lastKnownFileType = sourcecode.swift; path = OverviewViewController.swift; sourceTree = "<group>"; };
		2478C65622DDD50D00DA6D8E /* User.swift */ = {isa = PBXFileReference; lastKnownFileType = sourcecode.swift; path = User.swift; sourceTree = "<group>"; };
		2484174522D85D800009DF10 /* Shopee Prices Analystic.app */ = {isa = PBXFileReference; explicitFileType = wrapper.application; includeInIndex = 0; path = "Shopee Prices Analystic.app"; sourceTree = BUILT_PRODUCTS_DIR; };
		2484174822D85D800009DF10 /* AppDelegate.swift */ = {isa = PBXFileReference; lastKnownFileType = sourcecode.swift; path = AppDelegate.swift; sourceTree = "<group>"; };
		2484174A22D85D800009DF10 /* ViewController.swift */ = {isa = PBXFileReference; lastKnownFileType = sourcecode.swift; path = ViewController.swift; sourceTree = "<group>"; };
		2484174D22D85D800009DF10 /* Base */ = {isa = PBXFileReference; lastKnownFileType = file.storyboard; name = Base; path = Base.lproj/Main.storyboard; sourceTree = "<group>"; };
		2484174F22D85D810009DF10 /* Assets.xcassets */ = {isa = PBXFileReference; lastKnownFileType = folder.assetcatalog; path = Assets.xcassets; sourceTree = "<group>"; };
		2484175222D85D810009DF10 /* Base */ = {isa = PBXFileReference; lastKnownFileType = file.storyboard; name = Base; path = Base.lproj/LaunchScreen.storyboard; sourceTree = "<group>"; };
		2484175422D85D810009DF10 /* Info.plist */ = {isa = PBXFileReference; lastKnownFileType = text.plist.xml; path = Info.plist; sourceTree = "<group>"; };
		2484175922D85D810009DF10 /* Shopee Prices AnalysticTests.xctest */ = {isa = PBXFileReference; explicitFileType = wrapper.cfbundle; includeInIndex = 0; path = "Shopee Prices AnalysticTests.xctest"; sourceTree = BUILT_PRODUCTS_DIR; };
		2484175D22D85D810009DF10 /* Shopee_Prices_AnalysticTests.swift */ = {isa = PBXFileReference; lastKnownFileType = sourcecode.swift; path = Shopee_Prices_AnalysticTests.swift; sourceTree = "<group>"; };
		2484175F22D85D810009DF10 /* Info.plist */ = {isa = PBXFileReference; lastKnownFileType = text.plist.xml; path = Info.plist; sourceTree = "<group>"; };
		24C48E1722E5F88300244EF4 /* AccountTableViewController.swift */ = {isa = PBXFileReference; lastKnownFileType = sourcecode.swift; path = AccountTableViewController.swift; sourceTree = "<group>"; };
		24DF4B532313E16400B4688E /* StatisticPriceTableViewController.swift */ = {isa = PBXFileReference; lastKnownFileType = sourcecode.swift; path = StatisticPriceTableViewController.swift; sourceTree = "<group>"; };
		24E56165230D2DB500914506 /* Int+Extension.swift */ = {isa = PBXFileReference; lastKnownFileType = sourcecode.swift; path = "Int+Extension.swift"; sourceTree = "<group>"; };
		24EAE55322DEF83900EB53F2 /* TransparentTabBar.swift */ = {isa = PBXFileReference; lastKnownFileType = sourcecode.swift; path = TransparentTabBar.swift; sourceTree = "<group>"; };
		24EDDD6022D960C400D62704 /* TransitionButton.framework */ = {isa = PBXFileReference; explicitFileType = wrapper.framework; path = TransitionButton.framework; sourceTree = BUILT_PRODUCTS_DIR; };
		24F661D422DC26C100440A7A /* TabsViewController.swift */ = {isa = PBXFileReference; lastKnownFileType = sourcecode.swift; path = TabsViewController.swift; sourceTree = "<group>"; };
		24F842EA230B95360050C2A0 /* OnboardingLoginViewController.swift */ = {isa = PBXFileReference; lastKnownFileType = sourcecode.swift; path = OnboardingLoginViewController.swift; sourceTree = "<group>"; };
		24FFE31423153AE500643FD3 /* ChosenProductRivalCellDelegate.swift */ = {isa = PBXFileReference; lastKnownFileType = sourcecode.swift; path = ChosenProductRivalCellDelegate.swift; sourceTree = "<group>"; };
		337EC47528ACE92E87375C4B /* Pods-Shopee Prices Analystic.debug.xcconfig */ = {isa = PBXFileReference; includeInIndex = 1; lastKnownFileType = text.xcconfig; name = "Pods-Shopee Prices Analystic.debug.xcconfig"; path = "Target Support Files/Pods-Shopee Prices Analystic/Pods-Shopee Prices Analystic.debug.xcconfig"; sourceTree = "<group>"; };
		66A6383CEF3645457681379F /* Pods-Shopee Prices Analystic.release.xcconfig */ = {isa = PBXFileReference; includeInIndex = 1; lastKnownFileType = text.xcconfig; name = "Pods-Shopee Prices Analystic.release.xcconfig"; path = "Target Support Files/Pods-Shopee Prices Analystic/Pods-Shopee Prices Analystic.release.xcconfig"; sourceTree = "<group>"; };
		BC0FB3A222F7C02C00968E68 /* Network.swift */ = {isa = PBXFileReference; lastKnownFileType = sourcecode.swift; path = Network.swift; sourceTree = "<group>"; };
		BC15D3002313B1A6008D3456 /* Observation.swift */ = {isa = PBXFileReference; lastKnownFileType = sourcecode.swift; path = Observation.swift; sourceTree = "<group>"; };
		BC336A4D2316405D0091F44F /* AACharts.swift */ = {isa = PBXFileReference; lastKnownFileType = sourcecode.swift; path = AACharts.swift; sourceTree = "<group>"; };
		BC5E9B8E22F8311B00F729E6 /* ShopeeAuthViewController.swift */ = {isa = PBXFileReference; lastKnownFileType = sourcecode.swift; path = ShopeeAuthViewController.swift; sourceTree = "<group>"; };
		BC8D7D0322E6FBA800D224EC /* ProductTableViewCell.swift */ = {isa = PBXFileReference; lastKnownFileType = sourcecode.swift; path = ProductTableViewCell.swift; sourceTree = "<group>"; };
		BCD4456923168636003D93A4 /* ChartViewController.swift */ = {isa = PBXFileReference; lastKnownFileType = sourcecode.swift; path = ChartViewController.swift; sourceTree = "<group>"; };
		BCD4456B23168B83003D93A4 /* ColumnChartViewController.swift */ = {isa = PBXFileReference; lastKnownFileType = sourcecode.swift; path = ColumnChartViewController.swift; sourceTree = "<group>"; };
		BCD4456D23168B90003D93A4 /* PieChartViewController.swift */ = {isa = PBXFileReference; lastKnownFileType = sourcecode.swift; path = PieChartViewController.swift; sourceTree = "<group>"; };
		CBC57FE154A893EB41D1B67D /* Pods_Shopee_Prices_Analystic.framework */ = {isa = PBXFileReference; explicitFileType = wrapper.framework; includeInIndex = 0; path = Pods_Shopee_Prices_Analystic.framework; sourceTree = BUILT_PRODUCTS_DIR; };
		D9AEDCCD4F6597E107217347 /* Pods-Shopee Prices AnalysticTests.debug.xcconfig */ = {isa = PBXFileReference; includeInIndex = 1; lastKnownFileType = text.xcconfig; name = "Pods-Shopee Prices AnalysticTests.debug.xcconfig"; path = "Target Support Files/Pods-Shopee Prices AnalysticTests/Pods-Shopee Prices AnalysticTests.debug.xcconfig"; sourceTree = "<group>"; };
		EE1BE34F51B52E35B3555748 /* Pods-Shopee Prices AnalysticTests.release.xcconfig */ = {isa = PBXFileReference; includeInIndex = 1; lastKnownFileType = text.xcconfig; name = "Pods-Shopee Prices AnalysticTests.release.xcconfig"; path = "Target Support Files/Pods-Shopee Prices AnalysticTests/Pods-Shopee Prices AnalysticTests.release.xcconfig"; sourceTree = "<group>"; };
/* End PBXFileReference section */

/* Begin PBXFrameworksBuildPhase section */
		2484174222D85D800009DF10 /* Frameworks */ = {
			isa = PBXFrameworksBuildPhase;
			buildActionMask = 2147483647;
			files = (
				24EDDD6122D960C400D62704 /* TransitionButton.framework in Frameworks */,
				5E7DC6F104CE5C85E7254BCE /* Pods_Shopee_Prices_Analystic.framework in Frameworks */,
			);
			runOnlyForDeploymentPostprocessing = 0;
		};
		2484175622D85D810009DF10 /* Frameworks */ = {
			isa = PBXFrameworksBuildPhase;
			buildActionMask = 2147483647;
			files = (
				E93805F1D912FEDBBDDFF1C7 /* Pods_Shopee_Prices_AnalysticTests.framework in Frameworks */,
			);
			runOnlyForDeploymentPostprocessing = 0;
		};
/* End PBXFrameworksBuildPhase section */

/* Begin PBXGroup section */
		21154D23279D7F5A61230F7D /* Frameworks */ = {
			isa = PBXGroup;
			children = (
				1E4D3A5C32063A608589D690 /* Pods_Shopee_Prices_AnalysticTests.framework */,
				CBC57FE154A893EB41D1B67D /* Pods_Shopee_Prices_Analystic.framework */,
			);
			name = Frameworks;
			sourceTree = "<group>";
		};
		24120F3E22E07491000FA0B7 /* Extensions */ = {
			isa = PBXGroup;
			children = (
				24120F3F22E074B6000FA0B7 /* UITextField+Extension.swift */,
				2459135B22E2EF4D00D51A4B /* UIButton+Extension.swift */,
				2459135D22E2EF5B00D51A4B /* UITableView+Extension.swift */,
				2459135F22E2EF6600D51A4B /* UIView+Extension.swift */,
				2459136122E2F01600D51A4B /* ViewController+Extension.swift */,
				2459136322E2F0FF00D51A4B /* UIViewController+Extension.swift */,
				242C4FA422F577EE007D4903 /* UIAlertController+Extension.swift */,
				2433DB6A22F6C48A00AB0498 /* UILabel+Extension.swift */,
				2469B6F62307E0B700C77F3A /* NavigationBar+Extension.swift */,
				24E56165230D2DB500914506 /* Int+Extension.swift */,
			);
			path = Extensions;
			sourceTree = "<group>";
		};
		242361D722FAA66300EFC57A /* Rival */ = {
			isa = PBXGroup;
			children = (
				242361D822FAA6A300EFC57A /* RivalPageViewController.swift */,
				242361DB22FAB3F100EFC57A /* RivalInfoViewController.swift */,
				242361DD22FAB43000EFC57A /* RivalProductTableViewController.swift */,
				242361DF22FAB44E00EFC57A /* RivalProductLineChartViewController.swift */,
				2421730822FD5EFE00541024 /* ListRivalsTableViewController.swift */,
				241BC1442303B0140097AB59 /* ChosenProductsTableViewController.swift */,
				241BC1482303F0100097AB59 /* AutoChangePriceTableViewController.swift */,
				2422105A230E910800E8FBCC /* ChosenRivalsTableViewController.swift */,
				2402E2492311280A002EC1C2 /* ContainerRivalInfoViewController.swift */,
				240F1D07231424D400494CCB /* AutoUpdatePriceHistoryTableViewController.swift */,
			);
			path = Rival;
			sourceTree = "<group>";
		};
		242C4FA622F5786C007D4903 /* Custom components */ = {
			isa = PBXGroup;
			children = (
			);
			path = "Custom components";
			sourceTree = "<group>";
		};
		2459135222E2BF8600D51A4B /* Overview */ = {
			isa = PBXGroup;
			children = (
				2478C65122DD8DAC00DA6D8E /* OverviewViewController.swift */,
				242F519022FE811D00A0E980 /* ContainerViewController.swift */,
			);
			path = Overview;
			sourceTree = "<group>";
		};
		2459135322E2BF9C00D51A4B /* Account */ = {
			isa = PBXGroup;
			children = (
				24C48E1722E5F88300244EF4 /* AccountTableViewController.swift */,
				2436165822EA0565006C7C66 /* AccoutDetailTableViewController.swift */,
				24120F3A22E04D99000FA0B7 /* ListShopsTableViewController.swift */,
				BC5E9B8E22F8311B00F729E6 /* ShopeeAuthViewController.swift */,
			);
			path = Account;
			sourceTree = "<group>";
		};
		2459135422E2BFAF00D51A4B /* Product */ = {
			isa = PBXGroup;
			children = (
				2416494522E1768900B80DBC /* ProductsTableViewController.swift */,
				241C1E0522F8830600D30457 /* ProductDetailTableViewController.swift */,
				2478557623086A2100EBA0E3 /* ProductNavigationViewController.swift */,
			);
			path = Product;
			sourceTree = "<group>";
		};
		2459135522E2BFDA00D51A4B /* Tabs */ = {
			isa = PBXGroup;
			children = (
				24F661D422DC26C100440A7A /* TabsViewController.swift */,
			);
			path = Tabs;
			sourceTree = "<group>";
		};
		2459135622E2BFF300D51A4B /* Login and Register */ = {
			isa = PBXGroup;
			children = (
				2484174A22D85D800009DF10 /* ViewController.swift */,
				2414701322DAF58C000FB6D5 /* RegisterViewController.swift */,
			);
			path = "Login and Register";
			sourceTree = "<group>";
		};
		2459135722E2C01800D51A4B /* Delegates */ = {
			isa = PBXGroup;
			children = (
				2484174822D85D800009DF10 /* AppDelegate.swift */,
				24FFE31423153AE500643FD3 /* ChosenProductRivalCellDelegate.swift */,
			);
			path = Delegates;
			sourceTree = "<group>";
		};
		2459135822E2C03600D51A4B /* Assets */ = {
			isa = PBXGroup;
			children = (
				2484174F22D85D810009DF10 /* Assets.xcassets */,
			);
			path = Assets;
			sourceTree = "<group>";
		};
		2469B6F12307B6D100C77F3A /* Onboarding Screen */ = {
			isa = PBXGroup;
			children = (
				2469B6F22307CD1400C77F3A /* OnboardingViewController.swift */,
				24F842EA230B95360050C2A0 /* OnboardingLoginViewController.swift */,
			);
			path = "Onboarding Screen";
			sourceTree = "<group>";
		};
		2478C65522DDD4C900DA6D8E /* Models */ = {
			isa = PBXGroup;
			children = (
				2478C65622DDD50D00DA6D8E /* User.swift */,
				24120F3C22E05F41000FA0B7 /* Shop.swift */,
				2416494722E1770E00B80DBC /* Product.swift */,
				241D5A7222E57A8C00CBA60C /* Account.swift */,
				BC15D3002313B1A6008D3456 /* Observation.swift */,
			);
			path = Models;
			sourceTree = "<group>";
		};
		2484173C22D85D800009DF10 = {
			isa = PBXGroup;
			children = (
				24EDDD6022D960C400D62704 /* TransitionButton.framework */,
				2484174722D85D800009DF10 /* Shopee Prices Analystic */,
				2484175C22D85D810009DF10 /* Shopee Prices AnalysticTests */,
				2484174622D85D800009DF10 /* Products */,
				F0231C0A030C3C9F8E4BE00A /* Pods */,
				21154D23279D7F5A61230F7D /* Frameworks */,
			);
			sourceTree = "<group>";
		};
		2484174622D85D800009DF10 /* Products */ = {
			isa = PBXGroup;
			children = (
				2484174522D85D800009DF10 /* Shopee Prices Analystic.app */,
				2484175922D85D810009DF10 /* Shopee Prices AnalysticTests.xctest */,
			);
			name = Products;
			sourceTree = "<group>";
		};
		2484174722D85D800009DF10 /* Shopee Prices Analystic */ = {
			isa = PBXGroup;
			children = (
				BCD6A47B2316322B00F74CFA /* Charts */,
				2469B6F12307B6D100C77F3A /* Onboarding Screen */,
				BC0FB3A122F7BFF900968E68 /* Network */,
				242C4FA622F5786C007D4903 /* Custom components */,
				BC8D7D0222E6FAA800D224EC /* Cells */,
				2484175422D85D810009DF10 /* Info.plist */,
				24EAE55222DEF80700EB53F2 /* Custom Animations */,
				2459135822E2C03600D51A4B /* Assets */,
				2459135722E2C01800D51A4B /* Delegates */,
				24120F3E22E07491000FA0B7 /* Extensions */,
				2478C65522DDD4C900DA6D8E /* Models */,
				24ECAF4722D98900004F2D37 /* Controllers */,
				24ECAF4622D988E3004F2D37 /* Storyboards */,
			);
			path = "Shopee Prices Analystic";
			sourceTree = "<group>";
		};
		2484175C22D85D810009DF10 /* Shopee Prices AnalysticTests */ = {
			isa = PBXGroup;
			children = (
				2484175D22D85D810009DF10 /* Shopee_Prices_AnalysticTests.swift */,
				2484175F22D85D810009DF10 /* Info.plist */,
			);
			path = "Shopee Prices AnalysticTests";
			sourceTree = "<group>";
		};
		24DF4B522313E14E00B4688E /* Price */ = {
			isa = PBXGroup;
			children = (
				24DF4B532313E16400B4688E /* StatisticPriceTableViewController.swift */,
				BCD4456923168636003D93A4 /* ChartViewController.swift */,
				BCD4456B23168B83003D93A4 /* ColumnChartViewController.swift */,
				BCD4456D23168B90003D93A4 /* PieChartViewController.swift */,
			);
			path = Price;
			sourceTree = "<group>";
		};
		24EAE55222DEF80700EB53F2 /* Custom Animations */ = {
			isa = PBXGroup;
			children = (
				24EAE55322DEF83900EB53F2 /* TransparentTabBar.swift */,
				2416494922E19F5600B80DBC /* Animator.swift */,
				24312829230995EC00A02BED /* Onboarding.swift */,
			);
			path = "Custom Animations";
			sourceTree = "<group>";
		};
		24ECAF4622D988E3004F2D37 /* Storyboards */ = {
			isa = PBXGroup;
			children = (
				2484174C22D85D800009DF10 /* Main.storyboard */,
				2484175122D85D810009DF10 /* LaunchScreen.storyboard */,
			);
			path = Storyboards;
			sourceTree = "<group>";
		};
		24ECAF4722D98900004F2D37 /* Controllers */ = {
			isa = PBXGroup;
			children = (
				2459135622E2BFF300D51A4B /* Login and Register */,
				24F661D322DC26A600440A7A /* Tabs Controllers */,
			);
			path = Controllers;
			sourceTree = "<group>";
		};
		24F661D322DC26A600440A7A /* Tabs Controllers */ = {
			isa = PBXGroup;
			children = (
				24DF4B522313E14E00B4688E /* Price */,
				242361D722FAA66300EFC57A /* Rival */,
				2459135522E2BFDA00D51A4B /* Tabs */,
				2459135422E2BFAF00D51A4B /* Product */,
				2459135322E2BF9C00D51A4B /* Account */,
				2459135222E2BF8600D51A4B /* Overview */,
			);
			path = "Tabs Controllers";
			sourceTree = "<group>";
		};
		BC0FB3A122F7BFF900968E68 /* Network */ = {
			isa = PBXGroup;
			children = (
				BC0FB3A222F7C02C00968E68 /* Network.swift */,
			);
			path = Network;
			sourceTree = "<group>";
		};
		BC8D7D0222E6FAA800D224EC /* Cells */ = {
			isa = PBXGroup;
			children = (
				BC8D7D0322E6FBA800D224EC /* ProductTableViewCell.swift */,
				2403DEE222F4332D00EA0604 /* ShopTableViewCell.swift */,
				2421730A22FD602800541024 /* RivalTableCell.swift */,
				241BC1462303E3A00097AB59 /* ChosenProductTableViewCell.swift */,
				2422105C230E91DA00E8FBCC /* ChosenRivalCell.swift */,
				24631A6E2314D04D00295264 /* AutoUpdateHistoryCell.swift */,
			);
			path = Cells;
			sourceTree = "<group>";
		};
		BCD6A47B2316322B00F74CFA /* Charts */ = {
			isa = PBXGroup;
			children = (
				BC336A4D2316405D0091F44F /* AACharts.swift */,
			);
			path = Charts;
			sourceTree = "<group>";
		};
		F0231C0A030C3C9F8E4BE00A /* Pods */ = {
			isa = PBXGroup;
			children = (
				D9AEDCCD4F6597E107217347 /* Pods-Shopee Prices AnalysticTests.debug.xcconfig */,
				EE1BE34F51B52E35B3555748 /* Pods-Shopee Prices AnalysticTests.release.xcconfig */,
				337EC47528ACE92E87375C4B /* Pods-Shopee Prices Analystic.debug.xcconfig */,
				66A6383CEF3645457681379F /* Pods-Shopee Prices Analystic.release.xcconfig */,
			);
			path = Pods;
			sourceTree = "<group>";
		};
/* End PBXGroup section */

/* Begin PBXNativeTarget section */
		2484174422D85D800009DF10 /* Shopee Prices Analystic */ = {
			isa = PBXNativeTarget;
			buildConfigurationList = 2484176222D85D810009DF10 /* Build configuration list for PBXNativeTarget "Shopee Prices Analystic" */;
			buildPhases = (
				7E9DA6D756C3DEE314982BA2 /* [CP] Check Pods Manifest.lock */,
				2484174122D85D800009DF10 /* Sources */,
				2484174222D85D800009DF10 /* Frameworks */,
				2484174322D85D800009DF10 /* Resources */,
				24EDDD6322D960C500D62704 /* Embed Frameworks */,
				F3D8A83EC55A7A9EB828E4F0 /* [CP] Embed Pods Frameworks */,
				952FCD69AE59DBEA6657A6EA /* [CP] Copy Pods Resources */,
			);
			buildRules = (
			);
			dependencies = (
			);
			name = "Shopee Prices Analystic";
			productName = "Shopee Prices Analystic";
			productReference = 2484174522D85D800009DF10 /* Shopee Prices Analystic.app */;
			productType = "com.apple.product-type.application";
		};
		2484175822D85D810009DF10 /* Shopee Prices AnalysticTests */ = {
			isa = PBXNativeTarget;
			buildConfigurationList = 2484176522D85D810009DF10 /* Build configuration list for PBXNativeTarget "Shopee Prices AnalysticTests" */;
			buildPhases = (
				96722EF1F7B5D63F727254B8 /* [CP] Check Pods Manifest.lock */,
				2484175522D85D810009DF10 /* Sources */,
				2484175622D85D810009DF10 /* Frameworks */,
				2484175722D85D810009DF10 /* Resources */,
			);
			buildRules = (
			);
			dependencies = (
				2484175B22D85D810009DF10 /* PBXTargetDependency */,
			);
			name = "Shopee Prices AnalysticTests";
			productName = "Shopee Prices AnalysticTests";
			productReference = 2484175922D85D810009DF10 /* Shopee Prices AnalysticTests.xctest */;
			productType = "com.apple.product-type.bundle.unit-test";
		};
/* End PBXNativeTarget section */

/* Begin PBXProject section */
		2484173D22D85D800009DF10 /* Project object */ = {
			isa = PBXProject;
			attributes = {
				LastSwiftUpdateCheck = 1020;
				LastUpgradeCheck = 1020;
				ORGANIZATIONNAME = SAPO;
				TargetAttributes = {
					2484174422D85D800009DF10 = {
						CreatedOnToolsVersion = 10.2.1;
					};
					2484175822D85D810009DF10 = {
						CreatedOnToolsVersion = 10.2.1;
						TestTargetID = 2484174422D85D800009DF10;
					};
				};
			};
			buildConfigurationList = 2484174022D85D800009DF10 /* Build configuration list for PBXProject "Shopee Prices Analystic" */;
			compatibilityVersion = "Xcode 9.3";
			developmentRegion = en;
			hasScannedForEncodings = 0;
			knownRegions = (
				en,
				Base,
			);
			mainGroup = 2484173C22D85D800009DF10;
			productRefGroup = 2484174622D85D800009DF10 /* Products */;
			projectDirPath = "";
			projectRoot = "";
			targets = (
				2484174422D85D800009DF10 /* Shopee Prices Analystic */,
				2484175822D85D810009DF10 /* Shopee Prices AnalysticTests */,
			);
		};
/* End PBXProject section */

/* Begin PBXResourcesBuildPhase section */
		2484174322D85D800009DF10 /* Resources */ = {
			isa = PBXResourcesBuildPhase;
			buildActionMask = 2147483647;
			files = (
				2484175322D85D810009DF10 /* LaunchScreen.storyboard in Resources */,
				2484175022D85D810009DF10 /* Assets.xcassets in Resources */,
				2484174E22D85D800009DF10 /* Main.storyboard in Resources */,
			);
			runOnlyForDeploymentPostprocessing = 0;
		};
		2484175722D85D810009DF10 /* Resources */ = {
			isa = PBXResourcesBuildPhase;
			buildActionMask = 2147483647;
			files = (
			);
			runOnlyForDeploymentPostprocessing = 0;
		};
/* End PBXResourcesBuildPhase section */

/* Begin PBXShellScriptBuildPhase section */
		7E9DA6D756C3DEE314982BA2 /* [CP] Check Pods Manifest.lock */ = {
			isa = PBXShellScriptBuildPhase;
			buildActionMask = 2147483647;
			files = (
			);
			inputFileListPaths = (
			);
			inputPaths = (
				"${PODS_PODFILE_DIR_PATH}/Podfile.lock",
				"${PODS_ROOT}/Manifest.lock",
			);
			name = "[CP] Check Pods Manifest.lock";
			outputFileListPaths = (
			);
			outputPaths = (
				"$(DERIVED_FILE_DIR)/Pods-Shopee Prices Analystic-checkManifestLockResult.txt",
			);
			runOnlyForDeploymentPostprocessing = 0;
			shellPath = /bin/sh;
			shellScript = "diff \"${PODS_PODFILE_DIR_PATH}/Podfile.lock\" \"${PODS_ROOT}/Manifest.lock\" > /dev/null\nif [ $? != 0 ] ; then\n    # print error to STDERR\n    echo \"error: The sandbox is not in sync with the Podfile.lock. Run 'pod install' or update your CocoaPods installation.\" >&2\n    exit 1\nfi\n# This output is used by Xcode 'outputs' to avoid re-running this script phase.\necho \"SUCCESS\" > \"${SCRIPT_OUTPUT_FILE_0}\"\n";
			showEnvVarsInLog = 0;
		};
		952FCD69AE59DBEA6657A6EA /* [CP] Copy Pods Resources */ = {
			isa = PBXShellScriptBuildPhase;
			buildActionMask = 2147483647;
			files = (
			);
			inputFileListPaths = (
				"${PODS_ROOT}/Target Support Files/Pods-Shopee Prices Analystic/Pods-Shopee Prices Analystic-resources-${CONFIGURATION}-input-files.xcfilelist",
			);
			inputPaths = (
				"${PODS_ROOT}/Target Support Files/Pods-Shopee Prices Analystic/Pods-Shopee Prices Analystic-resources.sh",
				"${PODS_ROOT}/GoogleSignIn/Resources/GoogleSignIn.bundle",
			);
			name = "[CP] Copy Pods Resources";
			outputFileListPaths = (
				"${PODS_ROOT}/Target Support Files/Pods-Shopee Prices Analystic/Pods-Shopee Prices Analystic-resources-${CONFIGURATION}-output-files.xcfilelist",
			);
			outputPaths = (
				"${TARGET_BUILD_DIR}/${UNLOCALIZED_RESOURCES_FOLDER_PATH}/GoogleSignIn.bundle",
			);
			runOnlyForDeploymentPostprocessing = 0;
			shellPath = /bin/sh;
			shellScript = "\"${PODS_ROOT}/Target Support Files/Pods-Shopee Prices Analystic/Pods-Shopee Prices Analystic-resources.sh\"\n";
			showEnvVarsInLog = 0;
		};
		96722EF1F7B5D63F727254B8 /* [CP] Check Pods Manifest.lock */ = {
			isa = PBXShellScriptBuildPhase;
			buildActionMask = 2147483647;
			files = (
			);
			inputFileListPaths = (
			);
			inputPaths = (
				"${PODS_PODFILE_DIR_PATH}/Podfile.lock",
				"${PODS_ROOT}/Manifest.lock",
			);
			name = "[CP] Check Pods Manifest.lock";
			outputFileListPaths = (
			);
			outputPaths = (
				"$(DERIVED_FILE_DIR)/Pods-Shopee Prices AnalysticTests-checkManifestLockResult.txt",
			);
			runOnlyForDeploymentPostprocessing = 0;
			shellPath = /bin/sh;
			shellScript = "diff \"${PODS_PODFILE_DIR_PATH}/Podfile.lock\" \"${PODS_ROOT}/Manifest.lock\" > /dev/null\nif [ $? != 0 ] ; then\n    # print error to STDERR\n    echo \"error: The sandbox is not in sync with the Podfile.lock. Run 'pod install' or update your CocoaPods installation.\" >&2\n    exit 1\nfi\n# This output is used by Xcode 'outputs' to avoid re-running this script phase.\necho \"SUCCESS\" > \"${SCRIPT_OUTPUT_FILE_0}\"\n";
			showEnvVarsInLog = 0;
		};
		F3D8A83EC55A7A9EB828E4F0 /* [CP] Embed Pods Frameworks */ = {
			isa = PBXShellScriptBuildPhase;
			buildActionMask = 2147483647;
			files = (
			);
			inputFileListPaths = (
				"${PODS_ROOT}/Target Support Files/Pods-Shopee Prices Analystic/Pods-Shopee Prices Analystic-frameworks-${CONFIGURATION}-input-files.xcfilelist",
			);
			inputPaths = (
				"${PODS_ROOT}/Target Support Files/Pods-Shopee Prices Analystic/Pods-Shopee Prices Analystic-frameworks.sh",
				"${BUILT_PRODUCTS_DIR}/AAInfographics/AAInfographics.framework",
				"${BUILT_PRODUCTS_DIR}/Alamofire/Alamofire.framework",
				"${BUILT_PRODUCTS_DIR}/BadgeSwift/BadgeSwift.framework",
				"${BUILT_PRODUCTS_DIR}/Cosmos/Cosmos.framework",
				"${BUILT_PRODUCTS_DIR}/FBSDKCoreKit/FBSDKCoreKit.framework",
				"${BUILT_PRODUCTS_DIR}/FBSDKLoginKit/FBSDKLoginKit.framework",
				"${BUILT_PRODUCTS_DIR}/FBSDKShareKit/FBSDKShareKit.framework",
				"${BUILT_PRODUCTS_DIR}/FacebookCore/FacebookCore.framework",
				"${BUILT_PRODUCTS_DIR}/FacebookLogin/FacebookLogin.framework",
				"${BUILT_PRODUCTS_DIR}/FacebookShare/FacebookShare.framework",
				"${BUILT_PRODUCTS_DIR}/GTMSessionFetcher/GTMSessionFetcher.framework",
				"${BUILT_PRODUCTS_DIR}/GoogleToolboxForMac/GoogleToolboxForMac.framework",
				"${BUILT_PRODUCTS_DIR}/MarqueeLabel/MarqueeLabel.framework",
				"${BUILT_PRODUCTS_DIR}/NotificationBannerSwift/NotificationBannerSwift.framework",
				"${BUILT_PRODUCTS_DIR}/Parchment/Parchment.framework",
				"${BUILT_PRODUCTS_DIR}/SVProgressHUD/SVProgressHUD.framework",
				"${BUILT_PRODUCTS_DIR}/SkeletonView/SkeletonView.framework",
				"${BUILT_PRODUCTS_DIR}/SnapKit/SnapKit.framework",
				"${BUILT_PRODUCTS_DIR}/SwipeableTabBarController/SwipeableTabBarController.framework",
				"${BUILT_PRODUCTS_DIR}/TransitionButton/TransitionButton.framework",
			);
			name = "[CP] Embed Pods Frameworks";
			outputFileListPaths = (
				"${PODS_ROOT}/Target Support Files/Pods-Shopee Prices Analystic/Pods-Shopee Prices Analystic-frameworks-${CONFIGURATION}-output-files.xcfilelist",
			);
			outputPaths = (
				"${TARGET_BUILD_DIR}/${FRAMEWORKS_FOLDER_PATH}/AAInfographics.framework",
				"${TARGET_BUILD_DIR}/${FRAMEWORKS_FOLDER_PATH}/Alamofire.framework",
				"${TARGET_BUILD_DIR}/${FRAMEWORKS_FOLDER_PATH}/BadgeSwift.framework",
				"${TARGET_BUILD_DIR}/${FRAMEWORKS_FOLDER_PATH}/Cosmos.framework",
				"${TARGET_BUILD_DIR}/${FRAMEWORKS_FOLDER_PATH}/FBSDKCoreKit.framework",
				"${TARGET_BUILD_DIR}/${FRAMEWORKS_FOLDER_PATH}/FBSDKLoginKit.framework",
				"${TARGET_BUILD_DIR}/${FRAMEWORKS_FOLDER_PATH}/FBSDKShareKit.framework",
				"${TARGET_BUILD_DIR}/${FRAMEWORKS_FOLDER_PATH}/FacebookCore.framework",
				"${TARGET_BUILD_DIR}/${FRAMEWORKS_FOLDER_PATH}/FacebookLogin.framework",
				"${TARGET_BUILD_DIR}/${FRAMEWORKS_FOLDER_PATH}/FacebookShare.framework",
				"${TARGET_BUILD_DIR}/${FRAMEWORKS_FOLDER_PATH}/GTMSessionFetcher.framework",
				"${TARGET_BUILD_DIR}/${FRAMEWORKS_FOLDER_PATH}/GoogleToolboxForMac.framework",
				"${TARGET_BUILD_DIR}/${FRAMEWORKS_FOLDER_PATH}/MarqueeLabel.framework",
				"${TARGET_BUILD_DIR}/${FRAMEWORKS_FOLDER_PATH}/NotificationBannerSwift.framework",
				"${TARGET_BUILD_DIR}/${FRAMEWORKS_FOLDER_PATH}/Parchment.framework",
				"${TARGET_BUILD_DIR}/${FRAMEWORKS_FOLDER_PATH}/SVProgressHUD.framework",
				"${TARGET_BUILD_DIR}/${FRAMEWORKS_FOLDER_PATH}/SkeletonView.framework",
				"${TARGET_BUILD_DIR}/${FRAMEWORKS_FOLDER_PATH}/SnapKit.framework",
				"${TARGET_BUILD_DIR}/${FRAMEWORKS_FOLDER_PATH}/SwipeableTabBarController.framework",
				"${TARGET_BUILD_DIR}/${FRAMEWORKS_FOLDER_PATH}/TransitionButton.framework",
			);
			runOnlyForDeploymentPostprocessing = 0;
			shellPath = /bin/sh;
			shellScript = "\"${PODS_ROOT}/Target Support Files/Pods-Shopee Prices Analystic/Pods-Shopee Prices Analystic-frameworks.sh\"\n";
			showEnvVarsInLog = 0;
		};
/* End PBXShellScriptBuildPhase section */

/* Begin PBXSourcesBuildPhase section */
		2484174122D85D800009DF10 /* Sources */ = {
			isa = PBXSourcesBuildPhase;
			buildActionMask = 2147483647;
			files = (
				2478557723086A2100EBA0E3 /* ProductNavigationViewController.swift in Sources */,
				24EAE55422DEF83900EB53F2 /* TransparentTabBar.swift in Sources */,
				2436165922EA0565006C7C66 /* AccoutDetailTableViewController.swift in Sources */,
				BC0FB3A322F7C02C00968E68 /* Network.swift in Sources */,
				2459136222E2F01600D51A4B /* ViewController+Extension.swift in Sources */,
				2484174B22D85D800009DF10 /* ViewController.swift in Sources */,
				2433DB6B22F6C48A00AB0498 /* UILabel+Extension.swift in Sources */,
				2484174922D85D800009DF10 /* AppDelegate.swift in Sources */,
				242F519122FE811D00A0E980 /* ContainerViewController.swift in Sources */,
				24FFE31523153AE500643FD3 /* ChosenProductRivalCellDelegate.swift in Sources */,
				2459135C22E2EF4D00D51A4B /* UIButton+Extension.swift in Sources */,
				241D5A7322E57A8C00CBA60C /* Account.swift in Sources */,
				24120F3D22E05F41000FA0B7 /* Shop.swift in Sources */,
				2402E24A2311280A002EC1C2 /* ContainerRivalInfoViewController.swift in Sources */,
				241BC1492303F0100097AB59 /* AutoChangePriceTableViewController.swift in Sources */,
				2469B6F32307CD1400C77F3A /* OnboardingViewController.swift in Sources */,
				24120F4022E074B6000FA0B7 /* UITextField+Extension.swift in Sources */,
				240F1D08231424D400494CCB /* AutoUpdatePriceHistoryTableViewController.swift in Sources */,
				2414701422DAF58C000FB6D5 /* RegisterViewController.swift in Sources */,
				24120F3B22E04D99000FA0B7 /* ListShopsTableViewController.swift in Sources */,
				24F661D522DC26C100440A7A /* TabsViewController.swift in Sources */,
				BCD4456A23168636003D93A4 /* ChartViewController.swift in Sources */,
				2403DEE322F4332D00EA0604 /* ShopTableViewCell.swift in Sources */,
				2459135E22E2EF5B00D51A4B /* UITableView+Extension.swift in Sources */,
				BCD4456C23168B83003D93A4 /* ColumnChartViewController.swift in Sources */,
				2469B6F72307E0B700C77F3A /* NavigationBar+Extension.swift in Sources */,
				2421730B22FD602800541024 /* RivalTableCell.swift in Sources */,
				2422105B230E910800E8FBCC /* ChosenRivalsTableViewController.swift in Sources */,
				241BC1452303B0140097AB59 /* ChosenProductsTableViewController.swift in Sources */,
				242361D922FAA6A300EFC57A /* RivalPageViewController.swift in Sources */,
				242C4FA522F577EE007D4903 /* UIAlertController+Extension.swift in Sources */,
				24C48E1822E5F88300244EF4 /* AccountTableViewController.swift in Sources */,
				2478C65222DD8DAC00DA6D8E /* OverviewViewController.swift in Sources */,
				242361DE22FAB43000EFC57A /* RivalProductTableViewController.swift in Sources */,
				241C1E0622F8830600D30457 /* ProductDetailTableViewController.swift in Sources */,
				24DF4B542313E16400B4688E /* StatisticPriceTableViewController.swift in Sources */,
				2421730922FD5EFE00541024 /* ListRivalsTableViewController.swift in Sources */,
				BC8D7D0422E6FBA800D224EC /* ProductTableViewCell.swift in Sources */,
				2478C65722DDD50D00DA6D8E /* User.swift in Sources */,
				2416494622E1768900B80DBC /* ProductsTableViewController.swift in Sources */,
				2459136422E2F0FF00D51A4B /* UIViewController+Extension.swift in Sources */,
				242361E022FAB44E00EFC57A /* RivalProductLineChartViewController.swift in Sources */,
				2416494A22E19F5600B80DBC /* Animator.swift in Sources */,
				24E56166230D2DB500914506 /* Int+Extension.swift in Sources */,
				2459136022E2EF6600D51A4B /* UIView+Extension.swift in Sources */,
				BC5E9B8F22F8311B00F729E6 /* ShopeeAuthViewController.swift in Sources */,
				2431282A230995EC00A02BED /* Onboarding.swift in Sources */,
				241BC1472303E3A00097AB59 /* ChosenProductTableViewCell.swift in Sources */,
				2416494822E1770E00B80DBC /* Product.swift in Sources */,
				BC15D3012313B1A6008D3456 /* Observation.swift in Sources */,
				BC336A4E2316405D0091F44F /* AACharts.swift in Sources */,
				24631A6F2314D04D00295264 /* AutoUpdateHistoryCell.swift in Sources */,
				2422105D230E91DA00E8FBCC /* ChosenRivalCell.swift in Sources */,
				24F842EB230B95360050C2A0 /* OnboardingLoginViewController.swift in Sources */,
				BCD4456E23168B90003D93A4 /* PieChartViewController.swift in Sources */,
				242361DC22FAB3F100EFC57A /* RivalInfoViewController.swift in Sources */,
			);
			runOnlyForDeploymentPostprocessing = 0;
		};
		2484175522D85D810009DF10 /* Sources */ = {
			isa = PBXSourcesBuildPhase;
			buildActionMask = 2147483647;
			files = (
				2484175E22D85D810009DF10 /* Shopee_Prices_AnalysticTests.swift in Sources */,
			);
			runOnlyForDeploymentPostprocessing = 0;
		};
/* End PBXSourcesBuildPhase section */

/* Begin PBXTargetDependency section */
		2484175B22D85D810009DF10 /* PBXTargetDependency */ = {
			isa = PBXTargetDependency;
			target = 2484174422D85D800009DF10 /* Shopee Prices Analystic */;
			targetProxy = 2484175A22D85D810009DF10 /* PBXContainerItemProxy */;
		};
/* End PBXTargetDependency section */

/* Begin PBXVariantGroup section */
		2484174C22D85D800009DF10 /* Main.storyboard */ = {
			isa = PBXVariantGroup;
			children = (
				2484174D22D85D800009DF10 /* Base */,
			);
			name = Main.storyboard;
			sourceTree = "<group>";
		};
		2484175122D85D810009DF10 /* LaunchScreen.storyboard */ = {
			isa = PBXVariantGroup;
			children = (
				2484175222D85D810009DF10 /* Base */,
			);
			name = LaunchScreen.storyboard;
			sourceTree = "<group>";
		};
/* End PBXVariantGroup section */

/* Begin XCBuildConfiguration section */
		2484176022D85D810009DF10 /* Debug */ = {
			isa = XCBuildConfiguration;
			buildSettings = {
				ALWAYS_SEARCH_USER_PATHS = NO;
				CLANG_ANALYZER_NONNULL = YES;
				CLANG_ANALYZER_NUMBER_OBJECT_CONVERSION = YES_AGGRESSIVE;
				CLANG_CXX_LANGUAGE_STANDARD = "gnu++14";
				CLANG_CXX_LIBRARY = "libc++";
				CLANG_ENABLE_MODULES = YES;
				CLANG_ENABLE_OBJC_ARC = YES;
				CLANG_ENABLE_OBJC_WEAK = YES;
				CLANG_WARN_BLOCK_CAPTURE_AUTORELEASING = YES;
				CLANG_WARN_BOOL_CONVERSION = YES;
				CLANG_WARN_COMMA = YES;
				CLANG_WARN_CONSTANT_CONVERSION = YES;
				CLANG_WARN_DEPRECATED_OBJC_IMPLEMENTATIONS = YES;
				CLANG_WARN_DIRECT_OBJC_ISA_USAGE = YES_ERROR;
				CLANG_WARN_DOCUMENTATION_COMMENTS = YES;
				CLANG_WARN_EMPTY_BODY = YES;
				CLANG_WARN_ENUM_CONVERSION = YES;
				CLANG_WARN_INFINITE_RECURSION = YES;
				CLANG_WARN_INT_CONVERSION = YES;
				CLANG_WARN_NON_LITERAL_NULL_CONVERSION = YES;
				CLANG_WARN_OBJC_IMPLICIT_RETAIN_SELF = YES;
				CLANG_WARN_OBJC_LITERAL_CONVERSION = YES;
				CLANG_WARN_OBJC_ROOT_CLASS = YES_ERROR;
				CLANG_WARN_RANGE_LOOP_ANALYSIS = YES;
				CLANG_WARN_STRICT_PROTOTYPES = YES;
				CLANG_WARN_SUSPICIOUS_MOVE = YES;
				CLANG_WARN_UNGUARDED_AVAILABILITY = YES_AGGRESSIVE;
				CLANG_WARN_UNREACHABLE_CODE = YES;
				CLANG_WARN__DUPLICATE_METHOD_MATCH = YES;
				CODE_SIGN_IDENTITY = "iPhone Developer";
				COPY_PHASE_STRIP = NO;
				DEBUG_INFORMATION_FORMAT = dwarf;
				ENABLE_STRICT_OBJC_MSGSEND = YES;
				ENABLE_TESTABILITY = YES;
				GCC_C_LANGUAGE_STANDARD = gnu11;
				GCC_DYNAMIC_NO_PIC = NO;
				GCC_NO_COMMON_BLOCKS = YES;
				GCC_OPTIMIZATION_LEVEL = 0;
				GCC_PREPROCESSOR_DEFINITIONS = (
					"DEBUG=1",
					"$(inherited)",
				);
				GCC_WARN_64_TO_32_BIT_CONVERSION = YES;
				GCC_WARN_ABOUT_RETURN_TYPE = YES_ERROR;
				GCC_WARN_UNDECLARED_SELECTOR = YES;
				GCC_WARN_UNINITIALIZED_AUTOS = YES_AGGRESSIVE;
				GCC_WARN_UNUSED_FUNCTION = YES;
				GCC_WARN_UNUSED_VARIABLE = YES;
				IPHONEOS_DEPLOYMENT_TARGET = 12.2;
				MTL_ENABLE_DEBUG_INFO = INCLUDE_SOURCE;
				MTL_FAST_MATH = YES;
				ONLY_ACTIVE_ARCH = YES;
				SDKROOT = iphoneos;
				SWIFT_ACTIVE_COMPILATION_CONDITIONS = DEBUG;
				SWIFT_OPTIMIZATION_LEVEL = "-Onone";
			};
			name = Debug;
		};
		2484176122D85D810009DF10 /* Release */ = {
			isa = XCBuildConfiguration;
			buildSettings = {
				ALWAYS_SEARCH_USER_PATHS = NO;
				CLANG_ANALYZER_NONNULL = YES;
				CLANG_ANALYZER_NUMBER_OBJECT_CONVERSION = YES_AGGRESSIVE;
				CLANG_CXX_LANGUAGE_STANDARD = "gnu++14";
				CLANG_CXX_LIBRARY = "libc++";
				CLANG_ENABLE_MODULES = YES;
				CLANG_ENABLE_OBJC_ARC = YES;
				CLANG_ENABLE_OBJC_WEAK = YES;
				CLANG_WARN_BLOCK_CAPTURE_AUTORELEASING = YES;
				CLANG_WARN_BOOL_CONVERSION = YES;
				CLANG_WARN_COMMA = YES;
				CLANG_WARN_CONSTANT_CONVERSION = YES;
				CLANG_WARN_DEPRECATED_OBJC_IMPLEMENTATIONS = YES;
				CLANG_WARN_DIRECT_OBJC_ISA_USAGE = YES_ERROR;
				CLANG_WARN_DOCUMENTATION_COMMENTS = YES;
				CLANG_WARN_EMPTY_BODY = YES;
				CLANG_WARN_ENUM_CONVERSION = YES;
				CLANG_WARN_INFINITE_RECURSION = YES;
				CLANG_WARN_INT_CONVERSION = YES;
				CLANG_WARN_NON_LITERAL_NULL_CONVERSION = YES;
				CLANG_WARN_OBJC_IMPLICIT_RETAIN_SELF = YES;
				CLANG_WARN_OBJC_LITERAL_CONVERSION = YES;
				CLANG_WARN_OBJC_ROOT_CLASS = YES_ERROR;
				CLANG_WARN_RANGE_LOOP_ANALYSIS = YES;
				CLANG_WARN_STRICT_PROTOTYPES = YES;
				CLANG_WARN_SUSPICIOUS_MOVE = YES;
				CLANG_WARN_UNGUARDED_AVAILABILITY = YES_AGGRESSIVE;
				CLANG_WARN_UNREACHABLE_CODE = YES;
				CLANG_WARN__DUPLICATE_METHOD_MATCH = YES;
				CODE_SIGN_IDENTITY = "iPhone Developer";
				COPY_PHASE_STRIP = NO;
				DEBUG_INFORMATION_FORMAT = "dwarf-with-dsym";
				ENABLE_NS_ASSERTIONS = NO;
				ENABLE_STRICT_OBJC_MSGSEND = YES;
				GCC_C_LANGUAGE_STANDARD = gnu11;
				GCC_NO_COMMON_BLOCKS = YES;
				GCC_WARN_64_TO_32_BIT_CONVERSION = YES;
				GCC_WARN_ABOUT_RETURN_TYPE = YES_ERROR;
				GCC_WARN_UNDECLARED_SELECTOR = YES;
				GCC_WARN_UNINITIALIZED_AUTOS = YES_AGGRESSIVE;
				GCC_WARN_UNUSED_FUNCTION = YES;
				GCC_WARN_UNUSED_VARIABLE = YES;
				IPHONEOS_DEPLOYMENT_TARGET = 12.2;
				MTL_ENABLE_DEBUG_INFO = NO;
				MTL_FAST_MATH = YES;
				SDKROOT = iphoneos;
				SWIFT_COMPILATION_MODE = wholemodule;
				SWIFT_OPTIMIZATION_LEVEL = "-O";
				VALIDATE_PRODUCT = YES;
			};
			name = Release;
		};
		2484176322D85D810009DF10 /* Debug */ = {
			isa = XCBuildConfiguration;
			baseConfigurationReference = 337EC47528ACE92E87375C4B /* Pods-Shopee Prices Analystic.debug.xcconfig */;
			buildSettings = {
				ASSETCATALOG_COMPILER_APPICON_NAME = AppIcon;
				CODE_SIGN_STYLE = Automatic;
				DEVELOPMENT_TEAM = NBAJ2RV8ZK;
				FRAMEWORK_SEARCH_PATHS = (
					"$(inherited)",
					"$(PROJECT_DIR)/Carthage/Build/iOS",
				);
				INFOPLIST_FILE = "Shopee Prices Analystic/Info.plist";
				LD_RUNPATH_SEARCH_PATHS = (
					"$(inherited)",
					"@executable_path/Frameworks",
				);
				PRODUCT_BUNDLE_IDENTIFIER = "com.sapo.Shopee-Prices-Analystic";
				PRODUCT_NAME = "$(TARGET_NAME)";
				SWIFT_VERSION = 5.0;
				TARGETED_DEVICE_FAMILY = "1,2";
			};
			name = Debug;
		};
		2484176422D85D810009DF10 /* Release */ = {
			isa = XCBuildConfiguration;
			baseConfigurationReference = 66A6383CEF3645457681379F /* Pods-Shopee Prices Analystic.release.xcconfig */;
			buildSettings = {
				ASSETCATALOG_COMPILER_APPICON_NAME = AppIcon;
				CODE_SIGN_STYLE = Automatic;
				DEVELOPMENT_TEAM = NBAJ2RV8ZK;
				FRAMEWORK_SEARCH_PATHS = (
					"$(inherited)",
					"$(PROJECT_DIR)/Carthage/Build/iOS",
				);
				INFOPLIST_FILE = "Shopee Prices Analystic/Info.plist";
				LD_RUNPATH_SEARCH_PATHS = (
					"$(inherited)",
					"@executable_path/Frameworks",
				);
				PRODUCT_BUNDLE_IDENTIFIER = "com.sapo.Shopee-Prices-Analystic";
				PRODUCT_NAME = "$(TARGET_NAME)";
				SWIFT_VERSION = 5.0;
				TARGETED_DEVICE_FAMILY = "1,2";
			};
			name = Release;
		};
		2484176622D85D810009DF10 /* Debug */ = {
			isa = XCBuildConfiguration;
			baseConfigurationReference = D9AEDCCD4F6597E107217347 /* Pods-Shopee Prices AnalysticTests.debug.xcconfig */;
			buildSettings = {
				ALWAYS_EMBED_SWIFT_STANDARD_LIBRARIES = YES;
				BUNDLE_LOADER = "$(TEST_HOST)";
				CODE_SIGN_STYLE = Automatic;
				DEVELOPMENT_TEAM = NBAJ2RV8ZK;
				INFOPLIST_FILE = "Shopee Prices AnalysticTests/Info.plist";
				LD_RUNPATH_SEARCH_PATHS = (
					"$(inherited)",
					"@executable_path/Frameworks",
					"@loader_path/Frameworks",
				);
				PRODUCT_BUNDLE_IDENTIFIER = "com.sapo.Shopee-Prices-AnalysticTests";
				PRODUCT_NAME = "$(TARGET_NAME)";
				SWIFT_VERSION = 5.0;
				TARGETED_DEVICE_FAMILY = "1,2";
				TEST_HOST = "$(BUILT_PRODUCTS_DIR)/Shopee Prices Analystic.app/Shopee Prices Analystic";
			};
			name = Debug;
		};
		2484176722D85D810009DF10 /* Release */ = {
			isa = XCBuildConfiguration;
			baseConfigurationReference = EE1BE34F51B52E35B3555748 /* Pods-Shopee Prices AnalysticTests.release.xcconfig */;
			buildSettings = {
				ALWAYS_EMBED_SWIFT_STANDARD_LIBRARIES = YES;
				BUNDLE_LOADER = "$(TEST_HOST)";
				CODE_SIGN_STYLE = Automatic;
				DEVELOPMENT_TEAM = NBAJ2RV8ZK;
				INFOPLIST_FILE = "Shopee Prices AnalysticTests/Info.plist";
				LD_RUNPATH_SEARCH_PATHS = (
					"$(inherited)",
					"@executable_path/Frameworks",
					"@loader_path/Frameworks",
				);
				PRODUCT_BUNDLE_IDENTIFIER = "com.sapo.Shopee-Prices-AnalysticTests";
				PRODUCT_NAME = "$(TARGET_NAME)";
				SWIFT_VERSION = 5.0;
				TARGETED_DEVICE_FAMILY = "1,2";
				TEST_HOST = "$(BUILT_PRODUCTS_DIR)/Shopee Prices Analystic.app/Shopee Prices Analystic";
			};
			name = Release;
		};
/* End XCBuildConfiguration section */

/* Begin XCConfigurationList section */
		2484174022D85D800009DF10 /* Build configuration list for PBXProject "Shopee Prices Analystic" */ = {
			isa = XCConfigurationList;
			buildConfigurations = (
				2484176022D85D810009DF10 /* Debug */,
				2484176122D85D810009DF10 /* Release */,
			);
			defaultConfigurationIsVisible = 0;
			defaultConfigurationName = Release;
		};
		2484176222D85D810009DF10 /* Build configuration list for PBXNativeTarget "Shopee Prices Analystic" */ = {
			isa = XCConfigurationList;
			buildConfigurations = (
				2484176322D85D810009DF10 /* Debug */,
				2484176422D85D810009DF10 /* Release */,
			);
			defaultConfigurationIsVisible = 0;
			defaultConfigurationName = Release;
		};
		2484176522D85D810009DF10 /* Build configuration list for PBXNativeTarget "Shopee Prices AnalysticTests" */ = {
			isa = XCConfigurationList;
			buildConfigurations = (
				2484176622D85D810009DF10 /* Debug */,
				2484176722D85D810009DF10 /* Release */,
			);
			defaultConfigurationIsVisible = 0;
			defaultConfigurationName = Release;
		};
/* End XCConfigurationList section */
	};
	rootObject = 2484173D22D85D800009DF10 /* Project object */;
}
