// !$*UTF8*$!
{
	archiveVersion = 1;
	classes = {
	};
	objectVersion = 51;
	objects = {

/* Begin PBXBuildFile section */
		24120F3B22E04D99000FA0B7 /* ListShopsTableViewController.swift in Sources */ = {isa = PBXBuildFile; fileRef = 24120F3A22E04D99000FA0B7 /* ListShopsTableViewController.swift */; };
		24120F3D22E05F41000FA0B7 /* Shop.swift in Sources */ = {isa = PBXBuildFile; fileRef = 24120F3C22E05F41000FA0B7 /* Shop.swift */; };
		24120F4022E074B6000FA0B7 /* EUITextField.swift in Sources */ = {isa = PBXBuildFile; fileRef = 24120F3F22E074B6000FA0B7 /* EUITextField.swift */; };
		2414701422DAF58C000FB6D5 /* RegisterViewController.swift in Sources */ = {isa = PBXBuildFile; fileRef = 2414701322DAF58C000FB6D5 /* RegisterViewController.swift */; };
		2414C38822E69EE300B21DBA /* ChangeShopTableViewController.swift in Sources */ = {isa = PBXBuildFile; fileRef = 2414C38722E69EE300B21DBA /* ChangeShopTableViewController.swift */; };
		2416494622E1768900B80DBC /* ProductsTableViewController.swift in Sources */ = {isa = PBXBuildFile; fileRef = 2416494522E1768900B80DBC /* ProductsTableViewController.swift */; };
		2416494822E1770E00B80DBC /* Product.swift in Sources */ = {isa = PBXBuildFile; fileRef = 2416494722E1770E00B80DBC /* Product.swift */; };
		2416494A22E19F5600B80DBC /* Animator.swift in Sources */ = {isa = PBXBuildFile; fileRef = 2416494922E19F5600B80DBC /* Animator.swift */; };
		241D5A7322E57A8C00CBA60C /* Account.swift in Sources */ = {isa = PBXBuildFile; fileRef = 241D5A7222E57A8C00CBA60C /* Account.swift */; };
		2436165922EA0565006C7C66 /* AccoutDetailTableViewController.swift in Sources */ = {isa = PBXBuildFile; fileRef = 2436165822EA0565006C7C66 /* AccoutDetailTableViewController.swift */; };
		2459135C22E2EF4D00D51A4B /* EUIButton.swift in Sources */ = {isa = PBXBuildFile; fileRef = 2459135B22E2EF4D00D51A4B /* EUIButton.swift */; };
		2459135E22E2EF5B00D51A4B /* EUITableView.swift in Sources */ = {isa = PBXBuildFile; fileRef = 2459135D22E2EF5B00D51A4B /* EUITableView.swift */; };
		2459136022E2EF6600D51A4B /* EUIView.swift in Sources */ = {isa = PBXBuildFile; fileRef = 2459135F22E2EF6600D51A4B /* EUIView.swift */; };
		2459136222E2F01600D51A4B /* EViewController.swift in Sources */ = {isa = PBXBuildFile; fileRef = 2459136122E2F01600D51A4B /* EViewController.swift */; };
		2459136422E2F0FF00D51A4B /* EUIViewController.swift in Sources */ = {isa = PBXBuildFile; fileRef = 2459136322E2F0FF00D51A4B /* EUIViewController.swift */; };
		2478C65222DD8DAC00DA6D8E /* OverviewViewController.swift in Sources */ = {isa = PBXBuildFile; fileRef = 2478C65122DD8DAC00DA6D8E /* OverviewViewController.swift */; };
		2478C65422DDC29200DA6D8E /* AccountViewController.swift in Sources */ = {isa = PBXBuildFile; fileRef = 2478C65322DDC29200DA6D8E /* AccountViewController.swift */; };
		2478C65722DDD50D00DA6D8E /* User.swift in Sources */ = {isa = PBXBuildFile; fileRef = 2478C65622DDD50D00DA6D8E /* User.swift */; };
		2484174922D85D800009DF10 /* AppDelegate.swift in Sources */ = {isa = PBXBuildFile; fileRef = 2484174822D85D800009DF10 /* AppDelegate.swift */; };
		2484174B22D85D800009DF10 /* ViewController.swift in Sources */ = {isa = PBXBuildFile; fileRef = 2484174A22D85D800009DF10 /* ViewController.swift */; };
		2484174E22D85D800009DF10 /* Main.storyboard in Resources */ = {isa = PBXBuildFile; fileRef = 2484174C22D85D800009DF10 /* Main.storyboard */; };
		2484175022D85D810009DF10 /* Assets.xcassets in Resources */ = {isa = PBXBuildFile; fileRef = 2484174F22D85D810009DF10 /* Assets.xcassets */; };
		2484175322D85D810009DF10 /* LaunchScreen.storyboard in Resources */ = {isa = PBXBuildFile; fileRef = 2484175122D85D810009DF10 /* LaunchScreen.storyboard */; };
		2484175E22D85D810009DF10 /* Shopee_Prices_AnalysticTests.swift in Sources */ = {isa = PBXBuildFile; fileRef = 2484175D22D85D810009DF10 /* Shopee_Prices_AnalysticTests.swift */; };
		24C48E1822E5F88300244EF4 /* AccountTableViewController.swift in Sources */ = {isa = PBXBuildFile; fileRef = 24C48E1722E5F88300244EF4 /* AccountTableViewController.swift */; };
		24EAE55422DEF83900EB53F2 /* TransparentTabBar.swift in Sources */ = {isa = PBXBuildFile; fileRef = 24EAE55322DEF83900EB53F2 /* TransparentTabBar.swift */; };
		24EDDD6122D960C400D62704 /* TransitionButton.framework in Frameworks */ = {isa = PBXBuildFile; fileRef = 24EDDD6022D960C400D62704 /* TransitionButton.framework */; };
		24F661D522DC26C100440A7A /* TabsViewController.swift in Sources */ = {isa = PBXBuildFile; fileRef = 24F661D422DC26C100440A7A /* TabsViewController.swift */; };
		4F20B549B30EBD7B814F6C00 /* Pods_Shopee_Prices_Analystic.framework in Frameworks */ = {isa = PBXBuildFile; fileRef = 87982867B9FDDD413B90276B /* Pods_Shopee_Prices_Analystic.framework */; };
		BC8D7D0422E6FBA800D224EC /* ProductTableViewCell.swift in Sources */ = {isa = PBXBuildFile; fileRef = BC8D7D0322E6FBA800D224EC /* ProductTableViewCell.swift */; };
		ECBD5A4F1636A373BD25EE80 /* Pods_Shopee_Prices_AnalysticTests.framework in Frameworks */ = {isa = PBXBuildFile; fileRef = 78436B2E536F369725251BD7 /* Pods_Shopee_Prices_AnalysticTests.framework */; };
/* End PBXBuildFile section */

/* Begin PBXContainerItemProxy section */
		2484175A22D85D810009DF10 /* PBXContainerItemProxy */ = {
			isa = PBXContainerItemProxy;
			containerPortal = 2484173D22D85D800009DF10 /* Project object */;
			proxyType = 1;
			remoteGlobalIDString = 2484174422D85D800009DF10;
			remoteInfo = "Shopee Prices Analystic";
		};
/* End PBXContainerItemProxy section */

/* Begin PBXCopyFilesBuildPhase section */
		24EDDD6322D960C500D62704 /* Embed Frameworks */ = {
			isa = PBXCopyFilesBuildPhase;
			buildActionMask = 2147483647;
			dstPath = "";
			dstSubfolderSpec = 10;
			files = (
			);
			name = "Embed Frameworks";
			runOnlyForDeploymentPostprocessing = 0;
		};
/* End PBXCopyFilesBuildPhase section */

/* Begin PBXFileReference section */
		24120F3A22E04D99000FA0B7 /* ListShopsTableViewController.swift */ = {isa = PBXFileReference; lastKnownFileType = sourcecode.swift; path = ListShopsTableViewController.swift; sourceTree = "<group>"; };
		24120F3C22E05F41000FA0B7 /* Shop.swift */ = {isa = PBXFileReference; lastKnownFileType = sourcecode.swift; path = Shop.swift; sourceTree = "<group>"; };
		24120F3F22E074B6000FA0B7 /* EUITextField.swift */ = {isa = PBXFileReference; lastKnownFileType = sourcecode.swift; path = EUITextField.swift; sourceTree = "<group>"; };
		2414701322DAF58C000FB6D5 /* RegisterViewController.swift */ = {isa = PBXFileReference; lastKnownFileType = sourcecode.swift; path = RegisterViewController.swift; sourceTree = "<group>"; };
		2414C38722E69EE300B21DBA /* ChangeShopTableViewController.swift */ = {isa = PBXFileReference; lastKnownFileType = sourcecode.swift; path = ChangeShopTableViewController.swift; sourceTree = "<group>"; };
		2416494522E1768900B80DBC /* ProductsTableViewController.swift */ = {isa = PBXFileReference; lastKnownFileType = sourcecode.swift; path = ProductsTableViewController.swift; sourceTree = "<group>"; };
		2416494722E1770E00B80DBC /* Product.swift */ = {isa = PBXFileReference; lastKnownFileType = sourcecode.swift; path = Product.swift; sourceTree = "<group>"; };
		2416494922E19F5600B80DBC /* Animator.swift */ = {isa = PBXFileReference; lastKnownFileType = sourcecode.swift; path = Animator.swift; sourceTree = "<group>"; };
		241D5A7222E57A8C00CBA60C /* Account.swift */ = {isa = PBXFileReference; lastKnownFileType = sourcecode.swift; path = Account.swift; sourceTree = "<group>"; };
		2436165822EA0565006C7C66 /* AccoutDetailTableViewController.swift */ = {isa = PBXFileReference; lastKnownFileType = sourcecode.swift; path = AccoutDetailTableViewController.swift; sourceTree = "<group>"; };
		2459135B22E2EF4D00D51A4B /* EUIButton.swift */ = {isa = PBXFileReference; lastKnownFileType = sourcecode.swift; path = EUIButton.swift; sourceTree = "<group>"; };
		2459135D22E2EF5B00D51A4B /* EUITableView.swift */ = {isa = PBXFileReference; lastKnownFileType = sourcecode.swift; path = EUITableView.swift; sourceTree = "<group>"; };
		2459135F22E2EF6600D51A4B /* EUIView.swift */ = {isa = PBXFileReference; lastKnownFileType = sourcecode.swift; path = EUIView.swift; sourceTree = "<group>"; };
		2459136122E2F01600D51A4B /* EViewController.swift */ = {isa = PBXFileReference; lastKnownFileType = sourcecode.swift; path = EViewController.swift; sourceTree = "<group>"; };
		2459136322E2F0FF00D51A4B /* EUIViewController.swift */ = {isa = PBXFileReference; lastKnownFileType = sourcecode.swift; path = EUIViewController.swift; sourceTree = "<group>"; };
		2478C65122DD8DAC00DA6D8E /* OverviewViewController.swift */ = {isa = PBXFileReference; lastKnownFileType = sourcecode.swift; path = OverviewViewController.swift; sourceTree = "<group>"; };
		2478C65322DDC29200DA6D8E /* AccountViewController.swift */ = {isa = PBXFileReference; lastKnownFileType = sourcecode.swift; path = AccountViewController.swift; sourceTree = "<group>"; };
		2478C65622DDD50D00DA6D8E /* User.swift */ = {isa = PBXFileReference; lastKnownFileType = sourcecode.swift; path = User.swift; sourceTree = "<group>"; };
		2484174522D85D800009DF10 /* Shopee Prices Analystic.app */ = {isa = PBXFileReference; explicitFileType = wrapper.application; includeInIndex = 0; path = "Shopee Prices Analystic.app"; sourceTree = BUILT_PRODUCTS_DIR; };
		2484174822D85D800009DF10 /* AppDelegate.swift */ = {isa = PBXFileReference; lastKnownFileType = sourcecode.swift; path = AppDelegate.swift; sourceTree = "<group>"; };
		2484174A22D85D800009DF10 /* ViewController.swift */ = {isa = PBXFileReference; lastKnownFileType = sourcecode.swift; path = ViewController.swift; sourceTree = "<group>"; };
		2484174D22D85D800009DF10 /* Base */ = {isa = PBXFileReference; lastKnownFileType = file.storyboard; name = Base; path = Base.lproj/Main.storyboard; sourceTree = "<group>"; };
		2484174F22D85D810009DF10 /* Assets.xcassets */ = {isa = PBXFileReference; lastKnownFileType = folder.assetcatalog; path = Assets.xcassets; sourceTree = "<group>"; };
		2484175222D85D810009DF10 /* Base */ = {isa = PBXFileReference; lastKnownFileType = file.storyboard; name = Base; path = Base.lproj/LaunchScreen.storyboard; sourceTree = "<group>"; };
		2484175422D85D810009DF10 /* Info.plist */ = {isa = PBXFileReference; lastKnownFileType = text.plist.xml; path = Info.plist; sourceTree = "<group>"; };
		2484175922D85D810009DF10 /* Shopee Prices AnalysticTests.xctest */ = {isa = PBXFileReference; explicitFileType = wrapper.cfbundle; includeInIndex = 0; path = "Shopee Prices AnalysticTests.xctest"; sourceTree = BUILT_PRODUCTS_DIR; };
		2484175D22D85D810009DF10 /* Shopee_Prices_AnalysticTests.swift */ = {isa = PBXFileReference; lastKnownFileType = sourcecode.swift; path = Shopee_Prices_AnalysticTests.swift; sourceTree = "<group>"; };
		2484175F22D85D810009DF10 /* Info.plist */ = {isa = PBXFileReference; lastKnownFileType = text.plist.xml; path = Info.plist; sourceTree = "<group>"; };
		24C48E1722E5F88300244EF4 /* AccountTableViewController.swift */ = {isa = PBXFileReference; lastKnownFileType = sourcecode.swift; path = AccountTableViewController.swift; sourceTree = "<group>"; };
		24EAE55322DEF83900EB53F2 /* TransparentTabBar.swift */ = {isa = PBXFileReference; lastKnownFileType = sourcecode.swift; path = TransparentTabBar.swift; sourceTree = "<group>"; };
		24EDDD6022D960C400D62704 /* TransitionButton.framework */ = {isa = PBXFileReference; explicitFileType = wrapper.framework; path = TransitionButton.framework; sourceTree = BUILT_PRODUCTS_DIR; };
		24F661D422DC26C100440A7A /* TabsViewController.swift */ = {isa = PBXFileReference; lastKnownFileType = sourcecode.swift; path = TabsViewController.swift; sourceTree = "<group>"; };
		2E0A52B4363CE4A0AD804F1E /* Pods-Shopee Prices Analystic.release.xcconfig */ = {isa = PBXFileReference; includeInIndex = 1; lastKnownFileType = text.xcconfig; name = "Pods-Shopee Prices Analystic.release.xcconfig"; path = "Target Support Files/Pods-Shopee Prices Analystic/Pods-Shopee Prices Analystic.release.xcconfig"; sourceTree = "<group>"; };
		74E8530B11AE49B116C3BD31 /* Pods-Shopee Prices AnalysticTests.release.xcconfig */ = {isa = PBXFileReference; includeInIndex = 1; lastKnownFileType = text.xcconfig; name = "Pods-Shopee Prices AnalysticTests.release.xcconfig"; path = "Target Support Files/Pods-Shopee Prices AnalysticTests/Pods-Shopee Prices AnalysticTests.release.xcconfig"; sourceTree = "<group>"; };
		78436B2E536F369725251BD7 /* Pods_Shopee_Prices_AnalysticTests.framework */ = {isa = PBXFileReference; explicitFileType = wrapper.framework; includeInIndex = 0; path = Pods_Shopee_Prices_AnalysticTests.framework; sourceTree = BUILT_PRODUCTS_DIR; };
		87982867B9FDDD413B90276B /* Pods_Shopee_Prices_Analystic.framework */ = {isa = PBXFileReference; explicitFileType = wrapper.framework; includeInIndex = 0; path = Pods_Shopee_Prices_Analystic.framework; sourceTree = BUILT_PRODUCTS_DIR; };
		BC8D7D0322E6FBA800D224EC /* ProductTableViewCell.swift */ = {isa = PBXFileReference; lastKnownFileType = sourcecode.swift; path = ProductTableViewCell.swift; sourceTree = "<group>"; };
		C9B87D52B119D59B20D11F5D /* Pods-Shopee Prices Analystic.debug.xcconfig */ = {isa = PBXFileReference; includeInIndex = 1; lastKnownFileType = text.xcconfig; name = "Pods-Shopee Prices Analystic.debug.xcconfig"; path = "Target Support Files/Pods-Shopee Prices Analystic/Pods-Shopee Prices Analystic.debug.xcconfig"; sourceTree = "<group>"; };
		FE070870C7935034BC4DBA32 /* Pods-Shopee Prices AnalysticTests.debug.xcconfig */ = {isa = PBXFileReference; includeInIndex = 1; lastKnownFileType = text.xcconfig; name = "Pods-Shopee Prices AnalysticTests.debug.xcconfig"; path = "Target Support Files/Pods-Shopee Prices AnalysticTests/Pods-Shopee Prices AnalysticTests.debug.xcconfig"; sourceTree = "<group>"; };
/* End PBXFileReference section */

/* Begin PBXFrameworksBuildPhase section */
		2484174222D85D800009DF10 /* Frameworks */ = {
			isa = PBXFrameworksBuildPhase;
			buildActionMask = 2147483647;
			files = (
				4F20B549B30EBD7B814F6C00 /* Pods_Shopee_Prices_Analystic.framework in Frameworks */,
				24EDDD6122D960C400D62704 /* TransitionButton.framework in Frameworks */,
			);
			runOnlyForDeploymentPostprocessing = 0;
		};
		2484175622D85D810009DF10 /* Frameworks */ = {
			isa = PBXFrameworksBuildPhase;
			buildActionMask = 2147483647;
			files = (
				ECBD5A4F1636A373BD25EE80 /* Pods_Shopee_Prices_AnalysticTests.framework in Frameworks */,
			);
			runOnlyForDeploymentPostprocessing = 0;
		};
/* End PBXFrameworksBuildPhase section */

/* Begin PBXGroup section */
		24120F3E22E07491000FA0B7 /* Extensions */ = {
			isa = PBXGroup;
			children = (
				24120F3F22E074B6000FA0B7 /* EUITextField.swift */,
				2459135B22E2EF4D00D51A4B /* EUIButton.swift */,
				2459135D22E2EF5B00D51A4B /* EUITableView.swift */,
				2459135F22E2EF6600D51A4B /* EUIView.swift */,
				2459136122E2F01600D51A4B /* EViewController.swift */,
				2459136322E2F0FF00D51A4B /* EUIViewController.swift */,
			);
			path = Extensions;
			sourceTree = "<group>";
		};
		2459135222E2BF8600D51A4B /* Overview */ = {
			isa = PBXGroup;
			children = (
				2478C65122DD8DAC00DA6D8E /* OverviewViewController.swift */,
				24120F3A22E04D99000FA0B7 /* ListShopsTableViewController.swift */,
			);
			path = Overview;
			sourceTree = "<group>";
		};
		2459135322E2BF9C00D51A4B /* Account */ = {
			isa = PBXGroup;
			children = (
				2478C65322DDC29200DA6D8E /* AccountViewController.swift */,
				24C48E1722E5F88300244EF4 /* AccountTableViewController.swift */,
				2414C38722E69EE300B21DBA /* ChangeShopTableViewController.swift */,
				2436165822EA0565006C7C66 /* AccoutDetailTableViewController.swift */,
			);
			path = Account;
			sourceTree = "<group>";
		};
		2459135422E2BFAF00D51A4B /* Product */ = {
			isa = PBXGroup;
			children = (
				2416494522E1768900B80DBC /* ProductsTableViewController.swift */,
			);
			path = Product;
			sourceTree = "<group>";
		};
		2459135522E2BFDA00D51A4B /* Tabs */ = {
			isa = PBXGroup;
			children = (
				24F661D422DC26C100440A7A /* TabsViewController.swift */,
			);
			path = Tabs;
			sourceTree = "<group>";
		};
		2459135622E2BFF300D51A4B /* Login and Register */ = {
			isa = PBXGroup;
			children = (
				2484174A22D85D800009DF10 /* ViewController.swift */,
				2414701322DAF58C000FB6D5 /* RegisterViewController.swift */,
			);
			path = "Login and Register";
			sourceTree = "<group>";
		};
		2459135722E2C01800D51A4B /* Delegates */ = {
			isa = PBXGroup;
			children = (
				2484174822D85D800009DF10 /* AppDelegate.swift */,
			);
			path = Delegates;
			sourceTree = "<group>";
		};
		2459135822E2C03600D51A4B /* Assets */ = {
			isa = PBXGroup;
			children = (
				2484174F22D85D810009DF10 /* Assets.xcassets */,
			);
			path = Assets;
			sourceTree = "<group>";
		};
		2478C65522DDD4C900DA6D8E /* Models */ = {
			isa = PBXGroup;
			children = (
				2478C65622DDD50D00DA6D8E /* User.swift */,
				24120F3C22E05F41000FA0B7 /* Shop.swift */,
				2416494722E1770E00B80DBC /* Product.swift */,
				241D5A7222E57A8C00CBA60C /* Account.swift */,
			);
			path = Models;
			sourceTree = "<group>";
		};
		2484173C22D85D800009DF10 = {
			isa = PBXGroup;
			children = (
				24EDDD6022D960C400D62704 /* TransitionButton.framework */,
				2484174722D85D800009DF10 /* Shopee Prices Analystic */,
				2484175C22D85D810009DF10 /* Shopee Prices AnalysticTests */,
				2484174622D85D800009DF10 /* Products */,
				F0231C0A030C3C9F8E4BE00A /* Pods */,
				A95C31DBC6BF223EA9C18BE5 /* Frameworks */,
			);
			sourceTree = "<group>";
		};
		2484174622D85D800009DF10 /* Products */ = {
			isa = PBXGroup;
			children = (
				2484174522D85D800009DF10 /* Shopee Prices Analystic.app */,
				2484175922D85D810009DF10 /* Shopee Prices AnalysticTests.xctest */,
			);
			name = Products;
			sourceTree = "<group>";
		};
		2484174722D85D800009DF10 /* Shopee Prices Analystic */ = {
			isa = PBXGroup;
			children = (
				BC8D7D0222E6FAA800D224EC /* Cells */,
				2484175422D85D810009DF10 /* Info.plist */,
				24EAE55222DEF80700EB53F2 /* Custom Animations */,
				2459135822E2C03600D51A4B /* Assets */,
				2459135722E2C01800D51A4B /* Delegates */,
				24120F3E22E07491000FA0B7 /* Extensions */,
				2478C65522DDD4C900DA6D8E /* Models */,
				24ECAF4722D98900004F2D37 /* Controllers */,
				24ECAF4622D988E3004F2D37 /* Storyboards */,
			);
			path = "Shopee Prices Analystic";
			sourceTree = "<group>";
		};
		2484175C22D85D810009DF10 /* Shopee Prices AnalysticTests */ = {
			isa = PBXGroup;
			children = (
				2484175D22D85D810009DF10 /* Shopee_Prices_AnalysticTests.swift */,
				2484175F22D85D810009DF10 /* Info.plist */,
			);
			path = "Shopee Prices AnalysticTests";
			sourceTree = "<group>";
		};
		24EAE55222DEF80700EB53F2 /* Custom Animations */ = {
			isa = PBXGroup;
			children = (
				24EAE55322DEF83900EB53F2 /* TransparentTabBar.swift */,
				2416494922E19F5600B80DBC /* Animator.swift */,
			);
			path = "Custom Animations";
			sourceTree = "<group>";
		};
		24ECAF4622D988E3004F2D37 /* Storyboards */ = {
			isa = PBXGroup;
			children = (
				2484174C22D85D800009DF10 /* Main.storyboard */,
				2484175122D85D810009DF10 /* LaunchScreen.storyboard */,
			);
			path = Storyboards;
			sourceTree = "<group>";
		};
		24ECAF4722D98900004F2D37 /* Controllers */ = {
			isa = PBXGroup;
			children = (
				2459135622E2BFF300D51A4B /* Login and Register */,
				24F661D322DC26A600440A7A /* Tabs Controllers */,
			);
			path = Controllers;
			sourceTree = "<group>";
		};
		24F661D322DC26A600440A7A /* Tabs Controllers */ = {
			isa = PBXGroup;
			children = (
				2459135522E2BFDA00D51A4B /* Tabs */,
				2459135422E2BFAF00D51A4B /* Product */,
				2459135322E2BF9C00D51A4B /* Account */,
				2459135222E2BF8600D51A4B /* Overview */,
			);
			path = "Tabs Controllers";
			sourceTree = "<group>";
		};
		A95C31DBC6BF223EA9C18BE5 /* Frameworks */ = {
			isa = PBXGroup;
			children = (
				87982867B9FDDD413B90276B /* Pods_Shopee_Prices_Analystic.framework */,
				78436B2E536F369725251BD7 /* Pods_Shopee_Prices_AnalysticTests.framework */,
			);
			name = Frameworks;
			sourceTree = "<group>";
		};
		BC8D7D0222E6FAA800D224EC /* Cells */ = {
			isa = PBXGroup;
			children = (
				BC8D7D0322E6FBA800D224EC /* ProductTableViewCell.swift */,
			);
			path = Cells;
			sourceTree = "<group>";
		};
		F0231C0A030C3C9F8E4BE00A /* Pods */ = {
			isa = PBXGroup;
			children = (
				C9B87D52B119D59B20D11F5D /* Pods-Shopee Prices Analystic.debug.xcconfig */,
				2E0A52B4363CE4A0AD804F1E /* Pods-Shopee Prices Analystic.release.xcconfig */,
				FE070870C7935034BC4DBA32 /* Pods-Shopee Prices AnalysticTests.debug.xcconfig */,
				74E8530B11AE49B116C3BD31 /* Pods-Shopee Prices AnalysticTests.release.xcconfig */,
			);
			path = Pods;
			sourceTree = "<group>";
		};
/* End PBXGroup section */

/* Begin PBXNativeTarget section */
		2484174422D85D800009DF10 /* Shopee Prices Analystic */ = {
			isa = PBXNativeTarget;
			buildConfigurationList = 2484176222D85D810009DF10 /* Build configuration list for PBXNativeTarget "Shopee Prices Analystic" */;
			buildPhases = (
				94999C146C70D1A17FFF6814 /* [CP] Check Pods Manifest.lock */,
				2484174122D85D800009DF10 /* Sources */,
				2484174222D85D800009DF10 /* Frameworks */,
				2484174322D85D800009DF10 /* Resources */,
				4544E1A3AA73E3F31B2011E0 /* [CP] Embed Pods Frameworks */,
				24EDDD6322D960C500D62704 /* Embed Frameworks */,
				937E95169BC6353E73813EE7 /* [CP] Copy Pods Resources */,
			);
			buildRules = (
			);
			dependencies = (
			);
			name = "Shopee Prices Analystic";
			productName = "Shopee Prices Analystic";
			productReference = 2484174522D85D800009DF10 /* Shopee Prices Analystic.app */;
			productType = "com.apple.product-type.application";
		};
		2484175822D85D810009DF10 /* Shopee Prices AnalysticTests */ = {
			isa = PBXNativeTarget;
			buildConfigurationList = 2484176522D85D810009DF10 /* Build configuration list for PBXNativeTarget "Shopee Prices AnalysticTests" */;
			buildPhases = (
				11147E31CDF09C0309A9A26B /* [CP] Check Pods Manifest.lock */,
				2484175522D85D810009DF10 /* Sources */,
				2484175622D85D810009DF10 /* Frameworks */,
				2484175722D85D810009DF10 /* Resources */,
			);
			buildRules = (
			);
			dependencies = (
				2484175B22D85D810009DF10 /* PBXTargetDependency */,
			);
			name = "Shopee Prices AnalysticTests";
			productName = "Shopee Prices AnalysticTests";
			productReference = 2484175922D85D810009DF10 /* Shopee Prices AnalysticTests.xctest */;
			productType = "com.apple.product-type.bundle.unit-test";
		};
/* End PBXNativeTarget section */

/* Begin PBXProject section */
		2484173D22D85D800009DF10 /* Project object */ = {
			isa = PBXProject;
			attributes = {
				LastSwiftUpdateCheck = 1020;
				LastUpgradeCheck = 1020;
				ORGANIZATIONNAME = SAPO;
				TargetAttributes = {
					2484174422D85D800009DF10 = {
						CreatedOnToolsVersion = 10.2.1;
					};
					2484175822D85D810009DF10 = {
						CreatedOnToolsVersion = 10.2.1;
						TestTargetID = 2484174422D85D800009DF10;
					};
				};
			};
			buildConfigurationList = 2484174022D85D800009DF10 /* Build configuration list for PBXProject "Shopee Prices Analystic" */;
			compatibilityVersion = "Xcode 9.3";
			developmentRegion = en;
			hasScannedForEncodings = 0;
			knownRegions = (
				en,
				Base,
			);
			mainGroup = 2484173C22D85D800009DF10;
			productRefGroup = 2484174622D85D800009DF10 /* Products */;
			projectDirPath = "";
			projectRoot = "";
			targets = (
				2484174422D85D800009DF10 /* Shopee Prices Analystic */,
				2484175822D85D810009DF10 /* Shopee Prices AnalysticTests */,
			);
		};
/* End PBXProject section */

/* Begin PBXResourcesBuildPhase section */
		2484174322D85D800009DF10 /* Resources */ = {
			isa = PBXResourcesBuildPhase;
			buildActionMask = 2147483647;
			files = (
				2484175322D85D810009DF10 /* LaunchScreen.storyboard in Resources */,
				2484175022D85D810009DF10 /* Assets.xcassets in Resources */,
				2484174E22D85D800009DF10 /* Main.storyboard in Resources */,
			);
			runOnlyForDeploymentPostprocessing = 0;
		};
		2484175722D85D810009DF10 /* Resources */ = {
			isa = PBXResourcesBuildPhase;
			buildActionMask = 2147483647;
			files = (
			);
			runOnlyForDeploymentPostprocessing = 0;
		};
/* End PBXResourcesBuildPhase section */

/* Begin PBXShellScriptBuildPhase section */
		11147E31CDF09C0309A9A26B /* [CP] Check Pods Manifest.lock */ = {
			isa = PBXShellScriptBuildPhase;
			buildActionMask = 2147483647;
			files = (
			);
			inputFileListPaths = (
			);
			inputPaths = (
				"${PODS_PODFILE_DIR_PATH}/Podfile.lock",
				"${PODS_ROOT}/Manifest.lock",
			);
			name = "[CP] Check Pods Manifest.lock";
			outputFileListPaths = (
			);
			outputPaths = (
				"$(DERIVED_FILE_DIR)/Pods-Shopee Prices AnalysticTests-checkManifestLockResult.txt",
			);
			runOnlyForDeploymentPostprocessing = 0;
			shellPath = /bin/sh;
			shellScript = "diff \"${PODS_PODFILE_DIR_PATH}/Podfile.lock\" \"${PODS_ROOT}/Manifest.lock\" > /dev/null\nif [ $? != 0 ] ; then\n    # print error to STDERR\n    echo \"error: The sandbox is not in sync with the Podfile.lock. Run 'pod install' or update your CocoaPods installation.\" >&2\n    exit 1\nfi\n# This output is used by Xcode 'outputs' to avoid re-running this script phase.\necho \"SUCCESS\" > \"${SCRIPT_OUTPUT_FILE_0}\"\n";
			showEnvVarsInLog = 0;
		};
		4544E1A3AA73E3F31B2011E0 /* [CP] Embed Pods Frameworks */ = {
			isa = PBXShellScriptBuildPhase;
			buildActionMask = 2147483647;
			files = (
			);
			inputFileListPaths = (
				"${PODS_ROOT}/Target Support Files/Pods-Shopee Prices Analystic/Pods-Shopee Prices Analystic-frameworks-${CONFIGURATION}-input-files.xcfilelist",
			);
			inputPaths = (
				"${PODS_ROOT}/Target Support Files/Pods-Shopee Prices Analystic/Pods-Shopee Prices Analystic-frameworks.sh",
				"${BUILT_PRODUCTS_DIR}/Cosmos/Cosmos.framework",
				"${BUILT_PRODUCTS_DIR}/FBSDKCoreKit/FBSDKCoreKit.framework",
				"${BUILT_PRODUCTS_DIR}/FBSDKLoginKit/FBSDKLoginKit.framework",
				"${BUILT_PRODUCTS_DIR}/FBSDKShareKit/FBSDKShareKit.framework",
				"${BUILT_PRODUCTS_DIR}/FacebookCore/FacebookCore.framework",
				"${BUILT_PRODUCTS_DIR}/FacebookLogin/FacebookLogin.framework",
				"${BUILT_PRODUCTS_DIR}/FacebookShare/FacebookShare.framework",
				"${BUILT_PRODUCTS_DIR}/GTMSessionFetcher/GTMSessionFetcher.framework",
				"${BUILT_PRODUCTS_DIR}/GoogleToolboxForMac/GoogleToolboxForMac.framework",
				"${BUILT_PRODUCTS_DIR}/MarqueeLabel/MarqueeLabel.framework",
				"${BUILT_PRODUCTS_DIR}/NotificationBannerSwift/NotificationBannerSwift.framework",
				"${BUILT_PRODUCTS_DIR}/SnapKit/SnapKit.framework",
				"${BUILT_PRODUCTS_DIR}/SwiftyJSON/SwiftyJSON.framework",
				"${BUILT_PRODUCTS_DIR}/SwipeableTabBarController/SwipeableTabBarController.framework",
				"${BUILT_PRODUCTS_DIR}/TransitionButton/TransitionButton.framework",
			);
			name = "[CP] Embed Pods Frameworks";
			outputFileListPaths = (
				"${PODS_ROOT}/Target Support Files/Pods-Shopee Prices Analystic/Pods-Shopee Prices Analystic-frameworks-${CONFIGURATION}-output-files.xcfilelist",
			);
			outputPaths = (
				"${TARGET_BUILD_DIR}/${FRAMEWORKS_FOLDER_PATH}/Cosmos.framework",
				"${TARGET_BUILD_DIR}/${FRAMEWORKS_FOLDER_PATH}/FBSDKCoreKit.framework",
				"${TARGET_BUILD_DIR}/${FRAMEWORKS_FOLDER_PATH}/FBSDKLoginKit.framework",
				"${TARGET_BUILD_DIR}/${FRAMEWORKS_FOLDER_PATH}/FBSDKShareKit.framework",
				"${TARGET_BUILD_DIR}/${FRAMEWORKS_FOLDER_PATH}/FacebookCore.framework",
				"${TARGET_BUILD_DIR}/${FRAMEWORKS_FOLDER_PATH}/FacebookLogin.framework",
				"${TARGET_BUILD_DIR}/${FRAMEWORKS_FOLDER_PATH}/FacebookShare.framework",
				"${TARGET_BUILD_DIR}/${FRAMEWORKS_FOLDER_PATH}/GTMSessionFetcher.framework",
				"${TARGET_BUILD_DIR}/${FRAMEWORKS_FOLDER_PATH}/GoogleToolboxForMac.framework",
				"${TARGET_BUILD_DIR}/${FRAMEWORKS_FOLDER_PATH}/MarqueeLabel.framework",
				"${TARGET_BUILD_DIR}/${FRAMEWORKS_FOLDER_PATH}/NotificationBannerSwift.framework",
				"${TARGET_BUILD_DIR}/${FRAMEWORKS_FOLDER_PATH}/SnapKit.framework",
				"${TARGET_BUILD_DIR}/${FRAMEWORKS_FOLDER_PATH}/SwiftyJSON.framework",
				"${TARGET_BUILD_DIR}/${FRAMEWORKS_FOLDER_PATH}/SwipeableTabBarController.framework",
				"${TARGET_BUILD_DIR}/${FRAMEWORKS_FOLDER_PATH}/TransitionButton.framework",
			);
			runOnlyForDeploymentPostprocessing = 0;
			shellPath = /bin/sh;
			shellScript = "\"${PODS_ROOT}/Target Support Files/Pods-Shopee Prices Analystic/Pods-Shopee Prices Analystic-frameworks.sh\"\n";
			showEnvVarsInLog = 0;
		};
		937E95169BC6353E73813EE7 /* [CP] Copy Pods Resources */ = {
			isa = PBXShellScriptBuildPhase;
			buildActionMask = 2147483647;
			files = (
			);
			inputFileListPaths = (
				"${PODS_ROOT}/Target Support Files/Pods-Shopee Prices Analystic/Pods-Shopee Prices Analystic-resources-${CONFIGURATION}-input-files.xcfilelist",
			);
			inputPaths = (
				"${PODS_ROOT}/Target Support Files/Pods-Shopee Prices Analystic/Pods-Shopee Prices Analystic-resources.sh",
				"${PODS_ROOT}/GoogleSignIn/Resources/GoogleSignIn.bundle",
			);
			name = "[CP] Copy Pods Resources";
			outputFileListPaths = (
				"${PODS_ROOT}/Target Support Files/Pods-Shopee Prices Analystic/Pods-Shopee Prices Analystic-resources-${CONFIGURATION}-output-files.xcfilelist",
			);
			outputPaths = (
				"${TARGET_BUILD_DIR}/${UNLOCALIZED_RESOURCES_FOLDER_PATH}/GoogleSignIn.bundle",
			);
			runOnlyForDeploymentPostprocessing = 0;
			shellPath = /bin/sh;
			shellScript = "\"${PODS_ROOT}/Target Support Files/Pods-Shopee Prices Analystic/Pods-Shopee Prices Analystic-resources.sh\"\n";
			showEnvVarsInLog = 0;
		};
		94999C146C70D1A17FFF6814 /* [CP] Check Pods Manifest.lock */ = {
			isa = PBXShellScriptBuildPhase;
			buildActionMask = 2147483647;
			files = (
			);
			inputFileListPaths = (
			);
			inputPaths = (
				"${PODS_PODFILE_DIR_PATH}/Podfile.lock",
				"${PODS_ROOT}/Manifest.lock",
			);
			name = "[CP] Check Pods Manifest.lock";
			outputFileListPaths = (
			);
			outputPaths = (
				"$(DERIVED_FILE_DIR)/Pods-Shopee Prices Analystic-checkManifestLockResult.txt",
			);
			runOnlyForDeploymentPostprocessing = 0;
			shellPath = /bin/sh;
			shellScript = "diff \"${PODS_PODFILE_DIR_PATH}/Podfile.lock\" \"${PODS_ROOT}/Manifest.lock\" > /dev/null\nif [ $? != 0 ] ; then\n    # print error to STDERR\n    echo \"error: The sandbox is not in sync with the Podfile.lock. Run 'pod install' or update your CocoaPods installation.\" >&2\n    exit 1\nfi\n# This output is used by Xcode 'outputs' to avoid re-running this script phase.\necho \"SUCCESS\" > \"${SCRIPT_OUTPUT_FILE_0}\"\n";
			showEnvVarsInLog = 0;
		};
/* End PBXShellScriptBuildPhase section */

/* Begin PBXSourcesBuildPhase section */
		2484174122D85D800009DF10 /* Sources */ = {
			isa = PBXSourcesBuildPhase;
			buildActionMask = 2147483647;
			files = (
				24EAE55422DEF83900EB53F2 /* TransparentTabBar.swift in Sources */,
				2436165922EA0565006C7C66 /* AccoutDetailTableViewController.swift in Sources */,
				2459136222E2F01600D51A4B /* EViewController.swift in Sources */,
				2484174B22D85D800009DF10 /* ViewController.swift in Sources */,
				2414C38822E69EE300B21DBA /* ChangeShopTableViewController.swift in Sources */,
				2484174922D85D800009DF10 /* AppDelegate.swift in Sources */,
				2459135C22E2EF4D00D51A4B /* EUIButton.swift in Sources */,
				241D5A7322E57A8C00CBA60C /* Account.swift in Sources */,
				24120F3D22E05F41000FA0B7 /* Shop.swift in Sources */,
				2478C65422DDC29200DA6D8E /* AccountViewController.swift in Sources */,
				24120F4022E074B6000FA0B7 /* EUITextField.swift in Sources */,
				2414701422DAF58C000FB6D5 /* RegisterViewController.swift in Sources */,
				24120F3B22E04D99000FA0B7 /* ListShopsTableViewController.swift in Sources */,
				24F661D522DC26C100440A7A /* TabsViewController.swift in Sources */,
				2459135E22E2EF5B00D51A4B /* EUITableView.swift in Sources */,
				24C48E1822E5F88300244EF4 /* AccountTableViewController.swift in Sources */,
				2478C65222DD8DAC00DA6D8E /* OverviewViewController.swift in Sources */,
				BC8D7D0422E6FBA800D224EC /* ProductTableViewCell.swift in Sources */,
				2478C65722DDD50D00DA6D8E /* User.swift in Sources */,
				2416494622E1768900B80DBC /* ProductsTableViewController.swift in Sources */,
				2459136422E2F0FF00D51A4B /* EUIViewController.swift in Sources */,
				2416494A22E19F5600B80DBC /* Animator.swift in Sources */,
				2459136022E2EF6600D51A4B /* EUIView.swift in Sources */,
				2416494822E1770E00B80DBC /* Product.swift in Sources */,
			);
			runOnlyForDeploymentPostprocessing = 0;
		};
		2484175522D85D810009DF10 /* Sources */ = {
			isa = PBXSourcesBuildPhase;
			buildActionMask = 2147483647;
			files = (
				2484175E22D85D810009DF10 /* Shopee_Prices_AnalysticTests.swift in Sources */,
			);
			runOnlyForDeploymentPostprocessing = 0;
		};
/* End PBXSourcesBuildPhase section */

/* Begin PBXTargetDependency section */
		2484175B22D85D810009DF10 /* PBXTargetDependency */ = {
			isa = PBXTargetDependency;
			target = 2484174422D85D800009DF10 /* Shopee Prices Analystic */;
			targetProxy = 2484175A22D85D810009DF10 /* PBXContainerItemProxy */;
		};
/* End PBXTargetDependency section */

/* Begin PBXVariantGroup section */
		2484174C22D85D800009DF10 /* Main.storyboard */ = {
			isa = PBXVariantGroup;
			children = (
				2484174D22D85D800009DF10 /* Base */,
			);
			name = Main.storyboard;
			sourceTree = "<group>";
		};
		2484175122D85D810009DF10 /* LaunchScreen.storyboard */ = {
			isa = PBXVariantGroup;
			children = (
				2484175222D85D810009DF10 /* Base */,
			);
			name = LaunchScreen.storyboard;
			sourceTree = "<group>";
		};
/* End PBXVariantGroup section */

/* Begin XCBuildConfiguration section */
		2484176022D85D810009DF10 /* Debug */ = {
			isa = XCBuildConfiguration;
			buildSettings = {
				ALWAYS_SEARCH_USER_PATHS = NO;
				CLANG_ANALYZER_NONNULL = YES;
				CLANG_ANALYZER_NUMBER_OBJECT_CONVERSION = YES_AGGRESSIVE;
				CLANG_CXX_LANGUAGE_STANDARD = "gnu++14";
				CLANG_CXX_LIBRARY = "libc++";
				CLANG_ENABLE_MODULES = YES;
				CLANG_ENABLE_OBJC_ARC = YES;
				CLANG_ENABLE_OBJC_WEAK = YES;
				CLANG_WARN_BLOCK_CAPTURE_AUTORELEASING = YES;
				CLANG_WARN_BOOL_CONVERSION = YES;
				CLANG_WARN_COMMA = YES;
				CLANG_WARN_CONSTANT_CONVERSION = YES;
				CLANG_WARN_DEPRECATED_OBJC_IMPLEMENTATIONS = YES;
				CLANG_WARN_DIRECT_OBJC_ISA_USAGE = YES_ERROR;
				CLANG_WARN_DOCUMENTATION_COMMENTS = YES;
				CLANG_WARN_EMPTY_BODY = YES;
				CLANG_WARN_ENUM_CONVERSION = YES;
				CLANG_WARN_INFINITE_RECURSION = YES;
				CLANG_WARN_INT_CONVERSION = YES;
				CLANG_WARN_NON_LITERAL_NULL_CONVERSION = YES;
				CLANG_WARN_OBJC_IMPLICIT_RETAIN_SELF = YES;
				CLANG_WARN_OBJC_LITERAL_CONVERSION = YES;
				CLANG_WARN_OBJC_ROOT_CLASS = YES_ERROR;
				CLANG_WARN_RANGE_LOOP_ANALYSIS = YES;
				CLANG_WARN_STRICT_PROTOTYPES = YES;
				CLANG_WARN_SUSPICIOUS_MOVE = YES;
				CLANG_WARN_UNGUARDED_AVAILABILITY = YES_AGGRESSIVE;
				CLANG_WARN_UNREACHABLE_CODE = YES;
				CLANG_WARN__DUPLICATE_METHOD_MATCH = YES;
				CODE_SIGN_IDENTITY = "iPhone Developer";
				COPY_PHASE_STRIP = NO;
				DEBUG_INFORMATION_FORMAT = dwarf;
				ENABLE_STRICT_OBJC_MSGSEND = YES;
				ENABLE_TESTABILITY = YES;
				GCC_C_LANGUAGE_STANDARD = gnu11;
				GCC_DYNAMIC_NO_PIC = NO;
				GCC_NO_COMMON_BLOCKS = YES;
				GCC_OPTIMIZATION_LEVEL = 0;
				GCC_PREPROCESSOR_DEFINITIONS = (
					"DEBUG=1",
					"$(inherited)",
				);
				GCC_WARN_64_TO_32_BIT_CONVERSION = YES;
				GCC_WARN_ABOUT_RETURN_TYPE = YES_ERROR;
				GCC_WARN_UNDECLARED_SELECTOR = YES;
				GCC_WARN_UNINITIALIZED_AUTOS = YES_AGGRESSIVE;
				GCC_WARN_UNUSED_FUNCTION = YES;
				GCC_WARN_UNUSED_VARIABLE = YES;
				IPHONEOS_DEPLOYMENT_TARGET = 12.2;
				MTL_ENABLE_DEBUG_INFO = INCLUDE_SOURCE;
				MTL_FAST_MATH = YES;
				ONLY_ACTIVE_ARCH = YES;
				SDKROOT = iphoneos;
				SWIFT_ACTIVE_COMPILATION_CONDITIONS = DEBUG;
				SWIFT_OPTIMIZATION_LEVEL = "-Onone";
			};
			name = Debug;
		};
		2484176122D85D810009DF10 /* Release */ = {
			isa = XCBuildConfiguration;
			buildSettings = {
				ALWAYS_SEARCH_USER_PATHS = NO;
				CLANG_ANALYZER_NONNULL = YES;
				CLANG_ANALYZER_NUMBER_OBJECT_CONVERSION = YES_AGGRESSIVE;
				CLANG_CXX_LANGUAGE_STANDARD = "gnu++14";
				CLANG_CXX_LIBRARY = "libc++";
				CLANG_ENABLE_MODULES = YES;
				CLANG_ENABLE_OBJC_ARC = YES;
				CLANG_ENABLE_OBJC_WEAK = YES;
				CLANG_WARN_BLOCK_CAPTURE_AUTORELEASING = YES;
				CLANG_WARN_BOOL_CONVERSION = YES;
				CLANG_WARN_COMMA = YES;
				CLANG_WARN_CONSTANT_CONVERSION = YES;
				CLANG_WARN_DEPRECATED_OBJC_IMPLEMENTATIONS = YES;
				CLANG_WARN_DIRECT_OBJC_ISA_USAGE = YES_ERROR;
				CLANG_WARN_DOCUMENTATION_COMMENTS = YES;
				CLANG_WARN_EMPTY_BODY = YES;
				CLANG_WARN_ENUM_CONVERSION = YES;
				CLANG_WARN_INFINITE_RECURSION = YES;
				CLANG_WARN_INT_CONVERSION = YES;
				CLANG_WARN_NON_LITERAL_NULL_CONVERSION = YES;
				CLANG_WARN_OBJC_IMPLICIT_RETAIN_SELF = YES;
				CLANG_WARN_OBJC_LITERAL_CONVERSION = YES;
				CLANG_WARN_OBJC_ROOT_CLASS = YES_ERROR;
				CLANG_WARN_RANGE_LOOP_ANALYSIS = YES;
				CLANG_WARN_STRICT_PROTOTYPES = YES;
				CLANG_WARN_SUSPICIOUS_MOVE = YES;
				CLANG_WARN_UNGUARDED_AVAILABILITY = YES_AGGRESSIVE;
				CLANG_WARN_UNREACHABLE_CODE = YES;
				CLANG_WARN__DUPLICATE_METHOD_MATCH = YES;
				CODE_SIGN_IDENTITY = "iPhone Developer";
				COPY_PHASE_STRIP = NO;
				DEBUG_INFORMATION_FORMAT = "dwarf-with-dsym";
				ENABLE_NS_ASSERTIONS = NO;
				ENABLE_STRICT_OBJC_MSGSEND = YES;
				GCC_C_LANGUAGE_STANDARD = gnu11;
				GCC_NO_COMMON_BLOCKS = YES;
				GCC_WARN_64_TO_32_BIT_CONVERSION = YES;
				GCC_WARN_ABOUT_RETURN_TYPE = YES_ERROR;
				GCC_WARN_UNDECLARED_SELECTOR = YES;
				GCC_WARN_UNINITIALIZED_AUTOS = YES_AGGRESSIVE;
				GCC_WARN_UNUSED_FUNCTION = YES;
				GCC_WARN_UNUSED_VARIABLE = YES;
				IPHONEOS_DEPLOYMENT_TARGET = 12.2;
				MTL_ENABLE_DEBUG_INFO = NO;
				MTL_FAST_MATH = YES;
				SDKROOT = iphoneos;
				SWIFT_COMPILATION_MODE = wholemodule;
				SWIFT_OPTIMIZATION_LEVEL = "-O";
				VALIDATE_PRODUCT = YES;
			};
			name = Release;
		};
		2484176322D85D810009DF10 /* Debug */ = {
			isa = XCBuildConfiguration;
			baseConfigurationReference = C9B87D52B119D59B20D11F5D /* Pods-Shopee Prices Analystic.debug.xcconfig */;
			buildSettings = {
				ASSETCATALOG_COMPILER_APPICON_NAME = AppIcon;
				CODE_SIGN_STYLE = Automatic;
				DEVELOPMENT_TEAM = NBAJ2RV8ZK;
				FRAMEWORK_SEARCH_PATHS = (
					"$(inherited)",
					"$(PROJECT_DIR)/Carthage/Build/iOS",
				);
				INFOPLIST_FILE = "Shopee Prices Analystic/Info.plist";
				LD_RUNPATH_SEARCH_PATHS = (
					"$(inherited)",
					"@executable_path/Frameworks",
				);
				PRODUCT_BUNDLE_IDENTIFIER = "com.sapo.Shopee-Prices-Analystic";
				PRODUCT_NAME = "$(TARGET_NAME)";
				SWIFT_VERSION = 5.0;
				TARGETED_DEVICE_FAMILY = "1,2";
			};
			name = Debug;
		};
		2484176422D85D810009DF10 /* Release */ = {
			isa = XCBuildConfiguration;
			baseConfigurationReference = 2E0A52B4363CE4A0AD804F1E /* Pods-Shopee Prices Analystic.release.xcconfig */;
			buildSettings = {
				ASSETCATALOG_COMPILER_APPICON_NAME = AppIcon;
				CODE_SIGN_STYLE = Automatic;
				DEVELOPMENT_TEAM = NBAJ2RV8ZK;
				FRAMEWORK_SEARCH_PATHS = (
					"$(inherited)",
					"$(PROJECT_DIR)/Carthage/Build/iOS",
				);
				INFOPLIST_FILE = "Shopee Prices Analystic/Info.plist";
				LD_RUNPATH_SEARCH_PATHS = (
					"$(inherited)",
					"@executable_path/Frameworks",
				);
				PRODUCT_BUNDLE_IDENTIFIER = "com.sapo.Shopee-Prices-Analystic";
				PRODUCT_NAME = "$(TARGET_NAME)";
				SWIFT_VERSION = 5.0;
				TARGETED_DEVICE_FAMILY = "1,2";
			};
			name = Release;
		};
		2484176622D85D810009DF10 /* Debug */ = {
			isa = XCBuildConfiguration;
			baseConfigurationReference = FE070870C7935034BC4DBA32 /* Pods-Shopee Prices AnalysticTests.debug.xcconfig */;
			buildSettings = {
				ALWAYS_EMBED_SWIFT_STANDARD_LIBRARIES = YES;
				BUNDLE_LOADER = "$(TEST_HOST)";
				CODE_SIGN_STYLE = Automatic;
				DEVELOPMENT_TEAM = NBAJ2RV8ZK;
				INFOPLIST_FILE = "Shopee Prices AnalysticTests/Info.plist";
				LD_RUNPATH_SEARCH_PATHS = (
					"$(inherited)",
					"@executable_path/Frameworks",
					"@loader_path/Frameworks",
				);
				PRODUCT_BUNDLE_IDENTIFIER = "com.sapo.Shopee-Prices-AnalysticTests";
				PRODUCT_NAME = "$(TARGET_NAME)";
				SWIFT_VERSION = 5.0;
				TARGETED_DEVICE_FAMILY = "1,2";
				TEST_HOST = "$(BUILT_PRODUCTS_DIR)/Shopee Prices Analystic.app/Shopee Prices Analystic";
			};
			name = Debug;
		};
		2484176722D85D810009DF10 /* Release */ = {
			isa = XCBuildConfiguration;
			baseConfigurationReference = 74E8530B11AE49B116C3BD31 /* Pods-Shopee Prices AnalysticTests.release.xcconfig */;
			buildSettings = {
				ALWAYS_EMBED_SWIFT_STANDARD_LIBRARIES = YES;
				BUNDLE_LOADER = "$(TEST_HOST)";
				CODE_SIGN_STYLE = Automatic;
				DEVELOPMENT_TEAM = NBAJ2RV8ZK;
				INFOPLIST_FILE = "Shopee Prices AnalysticTests/Info.plist";
				LD_RUNPATH_SEARCH_PATHS = (
					"$(inherited)",
					"@executable_path/Frameworks",
					"@loader_path/Frameworks",
				);
				PRODUCT_BUNDLE_IDENTIFIER = "com.sapo.Shopee-Prices-AnalysticTests";
				PRODUCT_NAME = "$(TARGET_NAME)";
				SWIFT_VERSION = 5.0;
				TARGETED_DEVICE_FAMILY = "1,2";
				TEST_HOST = "$(BUILT_PRODUCTS_DIR)/Shopee Prices Analystic.app/Shopee Prices Analystic";
			};
			name = Release;
		};
/* End XCBuildConfiguration section */

/* Begin XCConfigurationList section */
		2484174022D85D800009DF10 /* Build configuration list for PBXProject "Shopee Prices Analystic" */ = {
			isa = XCConfigurationList;
			buildConfigurations = (
				2484176022D85D810009DF10 /* Debug */,
				2484176122D85D810009DF10 /* Release */,
			);
			defaultConfigurationIsVisible = 0;
			defaultConfigurationName = Release;
		};
		2484176222D85D810009DF10 /* Build configuration list for PBXNativeTarget "Shopee Prices Analystic" */ = {
			isa = XCConfigurationList;
			buildConfigurations = (
				2484176322D85D810009DF10 /* Debug */,
				2484176422D85D810009DF10 /* Release */,
			);
			defaultConfigurationIsVisible = 0;
			defaultConfigurationName = Release;
		};
		2484176522D85D810009DF10 /* Build configuration list for PBXNativeTarget "Shopee Prices AnalysticTests" */ = {
			isa = XCConfigurationList;
			buildConfigurations = (
				2484176622D85D810009DF10 /* Debug */,
				2484176722D85D810009DF10 /* Release */,
			);
			defaultConfigurationIsVisible = 0;
			defaultConfigurationName = Release;
		};
/* End XCConfigurationList section */
	};
	rootObject = 2484173D22D85D800009DF10 /* Project object */;
}
